<?xml version="1.0" encoding="utf-8"?>
<Project ToolsVersion="4.0" xmlns="http://schemas.microsoft.com/developer/msbuild/2003">
  <ItemGroup>
    <Filter Include="src">
      <UniqueIdentifier>{c6487098-2eaf-493d-ada3-1025bb854738}</UniqueIdentifier>
    </Filter>
    <Filter Include="src\ds">
      <UniqueIdentifier>{2271294b-f892-45e7-96c6-c38a347ec8be}</UniqueIdentifier>
    </Filter>
    <Filter Include="src\ds\ui">
      <UniqueIdentifier>{105dfbf8-441c-452f-a230-43a12ca874f9}</UniqueIdentifier>
    </Filter>
    <Filter Include="src\ds\ui\sprite">
      <UniqueIdentifier>{7035895f-5756-4b2e-ba21-ac6ad7bf4646}</UniqueIdentifier>
    </Filter>
    <Filter Include="src\private">
      <UniqueIdentifier>{f70a31eb-2624-4e17-807d-459cc2365e31}</UniqueIdentifier>
    </Filter>
    <Filter Include="src\ds\script">
      <UniqueIdentifier>{ac766f2d-b7db-41a4-8947-1d100acc128e}</UniqueIdentifier>
    </Filter>
  </ItemGroup>
  <ItemGroup>
    <ClInclude Include="src\ds\ui\sprite\web.h">
      <Filter>src\ds\ui\sprite</Filter>
    </ClInclude>
    <ClInclude Include="src\private\web_service.h">
      <Filter>src\private</Filter>
    </ClInclude>
    <ClInclude Include="src\private\web_view_listener.h">
      <Filter>src\private</Filter>
    </ClInclude>
    <ClInclude Include="src\ds\ui\sprite\web_listener.h">
      <Filter>src\ds\ui\sprite</Filter>
    </ClInclude>
    <ClInclude Include="src\ds\script\web_script.h">
      <Filter>src\ds\script</Filter>
    </ClInclude>
    <ClInclude Include="src\private\script_translator.h">
      <Filter>src\private</Filter>
    </ClInclude>
    <ClInclude Include="src\private\js_method_handler.h">
      <Filter>src\private</Filter>
    </ClInclude>
  </ItemGroup>
  <ItemGroup>
    <ClCompile Include="src\ds\ui\sprite\web.cpp">
      <Filter>src\ds\ui\sprite</Filter>
    </ClCompile>
    <ClCompile Include="src\private\web_service.cpp">
      <Filter>src\private</Filter>
    </ClCompile>
    <ClCompile Include="src\private\web_view_listener.cpp">
      <Filter>src\private</Filter>
    </ClCompile>
    <ClCompile Include="src\ds\ui\sprite\web_listener.cpp">
      <Filter>src\ds\ui\sprite</Filter>
    </ClCompile>
    <ClCompile Include="src\ds\script\web_script.cpp">
      <Filter>src\ds\script</Filter>
    </ClCompile>
    <ClCompile Include="src\private\script_translator.cpp">
      <Filter>src\private</Filter>
    </ClCompile>
    <ClCompile Include="src\private\js_method_handler.cpp">
      <Filter>src\private</Filter>
    </ClCompile>
  </ItemGroup>
</Project>