<?xml version="1.0" encoding="utf-8"?>
<Project ToolsVersion="4.0" xmlns="http://schemas.microsoft.com/developer/msbuild/2003">
  <ItemGroup>
    <Filter Include="src">
      <UniqueIdentifier>{c6487098-2eaf-493d-ada3-1025bb854738}</UniqueIdentifier>
    </Filter>
    <Filter Include="src\ds">
      <UniqueIdentifier>{2271294b-f892-45e7-96c6-c38a347ec8be}</UniqueIdentifier>
    </Filter>
    <Filter Include="src\ds\ui">
      <UniqueIdentifier>{105dfbf8-441c-452f-a230-43a12ca874f9}</UniqueIdentifier>
    </Filter>
    <Filter Include="src\ds\ui\sprite">
      <UniqueIdentifier>{7035895f-5756-4b2e-ba21-ac6ad7bf4646}</UniqueIdentifier>
    </Filter>
    <Filter Include="src\private">
      <UniqueIdentifier>{f70a31eb-2624-4e17-807d-459cc2365e31}</UniqueIdentifier>
    </Filter>
    <Filter Include="cef">
      <UniqueIdentifier>{8e2f0597-103d-41e5-8d74-3fe2400ba741}</UniqueIdentifier>
    </Filter>
    <Filter Include="cef\base">
      <UniqueIdentifier>{e0895d0b-49cb-4a12-84fb-0e091860f13c}</UniqueIdentifier>
    </Filter>
    <Filter Include="cef\capi">
      <UniqueIdentifier>{af9b5bdd-636c-4696-b22b-2104be0fcd5c}</UniqueIdentifier>
    </Filter>
    <Filter Include="cef\internal">
      <UniqueIdentifier>{c345e2a5-236e-4edd-ad5d-ba5fc580849d}</UniqueIdentifier>
    </Filter>
    <Filter Include="cef\test">
      <UniqueIdentifier>{3a5b2ba5-384a-4b66-a06e-51723fafc458}</UniqueIdentifier>
    </Filter>
    <Filter Include="cef\views">
      <UniqueIdentifier>{eb574e02-d72f-4b94-ae1e-86cb9a488561}</UniqueIdentifier>
    </Filter>
    <Filter Include="cef\wrapper">
      <UniqueIdentifier>{e90389d0-d554-4b2b-a926-67d44fa95890}</UniqueIdentifier>
    </Filter>
    <Filter Include="cef\base\internal">
      <UniqueIdentifier>{2249d945-fe06-433f-9b4d-1d991953f9df}</UniqueIdentifier>
    </Filter>
    <Filter Include="cef\capi\test">
      <UniqueIdentifier>{c5b0c48e-3913-42e5-8554-c42c2183ffb4}</UniqueIdentifier>
    </Filter>
    <Filter Include="cef\capi\views">
      <UniqueIdentifier>{b89c1ba8-fa11-430f-9d11-2a7074b21101}</UniqueIdentifier>
    </Filter>
  </ItemGroup>
  <ItemGroup>
    <ClInclude Include="src\ds\ui\sprite\web.h">
      <Filter>src\ds\ui\sprite</Filter>
    </ClInclude>
    <ClInclude Include="src\private\web_service.h">
      <Filter>src\private</Filter>
    </ClInclude>
    <ClInclude Include="src\private\web_callbacks.h">
      <Filter>src\private</Filter>
    </ClInclude>
    <ClInclude Include="src\private\web_handler.h">
      <Filter>src\private</Filter>
    </ClInclude>
    <ClInclude Include="src\private\web_app.h">
      <Filter>src\private</Filter>
    </ClInclude>
    <ClInclude Include="..\..\..\src\stdafx.h">
      <Filter>src</Filter>
    </ClInclude>
    <ClInclude Include="include\cef_task.h">
      <Filter>cef</Filter>
    </ClInclude>
    <ClInclude Include="include\cef_thread.h">
      <Filter>cef</Filter>
    </ClInclude>
    <ClInclude Include="include\cef_trace.h">
      <Filter>cef</Filter>
    </ClInclude>
    <ClInclude Include="include\cef_urlrequest.h">
      <Filter>cef</Filter>
    </ClInclude>
    <ClInclude Include="include\cef_v8.h">
      <Filter>cef</Filter>
    </ClInclude>
    <ClInclude Include="include\cef_values.h">
      <Filter>cef</Filter>
    </ClInclude>
    <ClInclude Include="include\cef_version.h">
      <Filter>cef</Filter>
    </ClInclude>
    <ClInclude Include="include\cef_waitable_event.h">
      <Filter>cef</Filter>
    </ClInclude>
    <ClInclude Include="include\cef_x509_certificate.h">
      <Filter>cef</Filter>
    </ClInclude>
    <ClInclude Include="include\cef_xml_reader.h">
      <Filter>cef</Filter>
    </ClInclude>
    <ClInclude Include="include\cef_zip_reader.h">
      <Filter>cef</Filter>
    </ClInclude>
    <ClInclude Include="include\cef_accessibility_handler.h">
      <Filter>cef</Filter>
    </ClInclude>
    <ClInclude Include="include\cef_api_hash.h">
      <Filter>cef</Filter>
    </ClInclude>
    <ClInclude Include="include\cef_app.h">
      <Filter>cef</Filter>
    </ClInclude>
    <ClInclude Include="include\cef_audio_handler.h">
      <Filter>cef</Filter>
    </ClInclude>
    <ClInclude Include="include\cef_auth_callback.h">
      <Filter>cef</Filter>
    </ClInclude>
    <ClInclude Include="include\cef_base.h">
      <Filter>cef</Filter>
    </ClInclude>
    <ClInclude Include="include\cef_browser.h">
      <Filter>cef</Filter>
    </ClInclude>
    <ClInclude Include="include\cef_browser_process_handler.h">
      <Filter>cef</Filter>
    </ClInclude>
    <ClInclude Include="include\cef_callback.h">
      <Filter>cef</Filter>
    </ClInclude>
    <ClInclude Include="include\cef_client.h">
      <Filter>cef</Filter>
    </ClInclude>
    <ClInclude Include="include\cef_command_handler.h">
      <Filter>cef</Filter>
    </ClInclude>
    <ClInclude Include="include\cef_command_ids.h">
      <Filter>cef</Filter>
    </ClInclude>
    <ClInclude Include="include\cef_command_line.h">
      <Filter>cef</Filter>
    </ClInclude>
    <ClInclude Include="include\cef_config.h">
      <Filter>cef</Filter>
    </ClInclude>
    <ClInclude Include="include\cef_context_menu_handler.h">
      <Filter>cef</Filter>
    </ClInclude>
    <ClInclude Include="include\cef_cookie.h">
      <Filter>cef</Filter>
    </ClInclude>
    <ClInclude Include="include\cef_crash_util.h">
      <Filter>cef</Filter>
    </ClInclude>
    <ClInclude Include="include\cef_devtools_message_observer.h">
      <Filter>cef</Filter>
    </ClInclude>
    <ClInclude Include="include\cef_dialog_handler.h">
      <Filter>cef</Filter>
    </ClInclude>
    <ClInclude Include="include\cef_display_handler.h">
      <Filter>cef</Filter>
    </ClInclude>
    <ClInclude Include="include\cef_dom.h">
      <Filter>cef</Filter>
    </ClInclude>
    <ClInclude Include="include\cef_download_handler.h">
      <Filter>cef</Filter>
    </ClInclude>
    <ClInclude Include="include\cef_download_item.h">
      <Filter>cef</Filter>
    </ClInclude>
    <ClInclude Include="include\cef_drag_data.h">
      <Filter>cef</Filter>
    </ClInclude>
    <ClInclude Include="include\cef_drag_handler.h">
      <Filter>cef</Filter>
    </ClInclude>
    <ClInclude Include="include\cef_extension.h">
      <Filter>cef</Filter>
    </ClInclude>
    <ClInclude Include="include\cef_extension_handler.h">
      <Filter>cef</Filter>
    </ClInclude>
    <ClInclude Include="include\cef_file_util.h">
      <Filter>cef</Filter>
    </ClInclude>
    <ClInclude Include="include\cef_find_handler.h">
      <Filter>cef</Filter>
    </ClInclude>
    <ClInclude Include="include\cef_focus_handler.h">
      <Filter>cef</Filter>
    </ClInclude>
    <ClInclude Include="include\cef_frame.h">
      <Filter>cef</Filter>
    </ClInclude>
    <ClInclude Include="include\cef_frame_handler.h">
      <Filter>cef</Filter>
    </ClInclude>
    <ClInclude Include="include\cef_i18n_util.h">
      <Filter>cef</Filter>
    </ClInclude>
    <ClInclude Include="include\cef_image.h">
      <Filter>cef</Filter>
    </ClInclude>
    <ClInclude Include="include\cef_jsdialog_handler.h">
      <Filter>cef</Filter>
    </ClInclude>
    <ClInclude Include="include\cef_keyboard_handler.h">
      <Filter>cef</Filter>
    </ClInclude>
    <ClInclude Include="include\cef_life_span_handler.h">
      <Filter>cef</Filter>
    </ClInclude>
    <ClInclude Include="include\cef_load_handler.h">
      <Filter>cef</Filter>
    </ClInclude>
    <ClInclude Include="include\cef_media_router.h">
      <Filter>cef</Filter>
    </ClInclude>
    <ClInclude Include="include\cef_menu_model.h">
      <Filter>cef</Filter>
    </ClInclude>
    <ClInclude Include="include\cef_menu_model_delegate.h">
      <Filter>cef</Filter>
    </ClInclude>
    <ClInclude Include="include\cef_navigation_entry.h">
      <Filter>cef</Filter>
    </ClInclude>
    <ClInclude Include="include\cef_origin_whitelist.h">
      <Filter>cef</Filter>
    </ClInclude>
    <ClInclude Include="include\cef_pack_resources.h">
      <Filter>cef</Filter>
    </ClInclude>
    <ClInclude Include="include\cef_pack_strings.h">
      <Filter>cef</Filter>
    </ClInclude>
    <ClInclude Include="include\cef_parser.h">
      <Filter>cef</Filter>
    </ClInclude>
    <ClInclude Include="include\cef_path_util.h">
      <Filter>cef</Filter>
    </ClInclude>
    <ClInclude Include="include\cef_permission_handler.h">
      <Filter>cef</Filter>
    </ClInclude>
    <ClInclude Include="include\cef_preference.h">
      <Filter>cef</Filter>
    </ClInclude>
    <ClInclude Include="include\cef_print_handler.h">
      <Filter>cef</Filter>
    </ClInclude>
    <ClInclude Include="include\cef_print_settings.h">
      <Filter>cef</Filter>
    </ClInclude>
    <ClInclude Include="include\cef_process_message.h">
      <Filter>cef</Filter>
    </ClInclude>
    <ClInclude Include="include\cef_process_util.h">
      <Filter>cef</Filter>
    </ClInclude>
    <ClInclude Include="include\cef_registration.h">
      <Filter>cef</Filter>
    </ClInclude>
    <ClInclude Include="include\cef_render_handler.h">
      <Filter>cef</Filter>
    </ClInclude>
    <ClInclude Include="include\cef_render_process_handler.h">
      <Filter>cef</Filter>
    </ClInclude>
    <ClInclude Include="include\cef_request.h">
      <Filter>cef</Filter>
    </ClInclude>
    <ClInclude Include="include\cef_request_context.h">
      <Filter>cef</Filter>
    </ClInclude>
    <ClInclude Include="include\cef_request_context_handler.h">
      <Filter>cef</Filter>
    </ClInclude>
    <ClInclude Include="include\cef_request_handler.h">
      <Filter>cef</Filter>
    </ClInclude>
    <ClInclude Include="include\cef_resource_bundle.h">
      <Filter>cef</Filter>
    </ClInclude>
    <ClInclude Include="include\cef_resource_bundle_handler.h">
      <Filter>cef</Filter>
    </ClInclude>
    <ClInclude Include="include\cef_resource_handler.h">
      <Filter>cef</Filter>
    </ClInclude>
    <ClInclude Include="include\cef_resource_request_handler.h">
      <Filter>cef</Filter>
    </ClInclude>
    <ClInclude Include="include\cef_response.h">
      <Filter>cef</Filter>
    </ClInclude>
    <ClInclude Include="include\cef_response_filter.h">
      <Filter>cef</Filter>
    </ClInclude>
    <ClInclude Include="include\cef_sandbox_win.h">
      <Filter>cef</Filter>
    </ClInclude>
    <ClInclude Include="include\cef_scheme.h">
      <Filter>cef</Filter>
    </ClInclude>
    <ClInclude Include="include\cef_server.h">
      <Filter>cef</Filter>
    </ClInclude>
    <ClInclude Include="include\cef_shared_memory_region.h">
      <Filter>cef</Filter>
    </ClInclude>
    <ClInclude Include="include\cef_shared_process_message_builder.h">
      <Filter>cef</Filter>
    </ClInclude>
    <ClInclude Include="include\cef_ssl_info.h">
      <Filter>cef</Filter>
    </ClInclude>
    <ClInclude Include="include\cef_ssl_status.h">
      <Filter>cef</Filter>
    </ClInclude>
    <ClInclude Include="include\cef_stream.h">
      <Filter>cef</Filter>
    </ClInclude>
    <ClInclude Include="include\cef_string_visitor.h">
      <Filter>cef</Filter>
    </ClInclude>
    <ClInclude Include="include\base\cef_lock.h">
      <Filter>cef\base</Filter>
    </ClInclude>
    <ClInclude Include="include\base\cef_logging.h">
      <Filter>cef\base</Filter>
    </ClInclude>
    <ClInclude Include="include\base\cef_macros.h">
      <Filter>cef\base</Filter>
    </ClInclude>
    <ClInclude Include="include\base\cef_platform_thread.h">
      <Filter>cef\base</Filter>
    </ClInclude>
    <ClInclude Include="include\base\cef_ptr_util.h">
      <Filter>cef\base</Filter>
    </ClInclude>
    <ClInclude Include="include\base\cef_ref_counted.h">
      <Filter>cef\base</Filter>
    </ClInclude>
    <ClInclude Include="include\base\cef_scoped_refptr.h">
      <Filter>cef\base</Filter>
    </ClInclude>
    <ClInclude Include="include\base\cef_template_util.h">
      <Filter>cef\base</Filter>
    </ClInclude>
    <ClInclude Include="include\base\cef_thread_checker.h">
      <Filter>cef\base</Filter>
    </ClInclude>
    <ClInclude Include="include\base\cef_trace_event.h">
      <Filter>cef\base</Filter>
    </ClInclude>
    <ClInclude Include="include\base\cef_tuple.h">
      <Filter>cef\base</Filter>
    </ClInclude>
    <ClInclude Include="include\base\cef_weak_ptr.h">
      <Filter>cef\base</Filter>
    </ClInclude>
    <ClInclude Include="include\base\cef_atomic_flag.h">
      <Filter>cef\base</Filter>
    </ClInclude>
    <ClInclude Include="include\base\cef_atomic_ref_count.h">
      <Filter>cef\base</Filter>
    </ClInclude>
    <ClInclude Include="include\base\cef_auto_reset.h">
      <Filter>cef\base</Filter>
    </ClInclude>
    <ClInclude Include="include\base\cef_basictypes.h">
      <Filter>cef\base</Filter>
    </ClInclude>
    <ClInclude Include="include\base\cef_bind.h">
      <Filter>cef\base</Filter>
    </ClInclude>
    <ClInclude Include="include\base\cef_build.h">
      <Filter>cef\base</Filter>
    </ClInclude>
    <ClInclude Include="include\base\cef_callback.h">
      <Filter>cef\base</Filter>
    </ClInclude>
    <ClInclude Include="include\base\cef_callback_forward.h">
      <Filter>cef\base</Filter>
    </ClInclude>
    <ClInclude Include="include\base\cef_callback_helpers.h">
      <Filter>cef\base</Filter>
    </ClInclude>
    <ClInclude Include="include\base\cef_callback_list.h">
      <Filter>cef\base</Filter>
    </ClInclude>
    <ClInclude Include="include\base\cef_cancelable_callback.h">
      <Filter>cef\base</Filter>
    </ClInclude>
    <ClInclude Include="include\base\cef_compiler_specific.h">
      <Filter>cef\base</Filter>
    </ClInclude>
    <ClInclude Include="include\base\internal\cef_lock_impl.h">
      <Filter>cef\base\internal</Filter>
    </ClInclude>
    <ClInclude Include="include\base\internal\cef_net_error_list.h">
      <Filter>cef\base\internal</Filter>
    </ClInclude>
    <ClInclude Include="include\base\internal\cef_raw_scoped_refptr_mismatch_checker.h">
      <Filter>cef\base\internal</Filter>
    </ClInclude>
    <ClInclude Include="include\base\internal\cef_scoped_policy.h">
      <Filter>cef\base\internal</Filter>
    </ClInclude>
    <ClInclude Include="include\base\internal\cef_thread_checker_impl.h">
      <Filter>cef\base\internal</Filter>
    </ClInclude>
    <ClInclude Include="include\base\internal\cef_bind_internal.h">
      <Filter>cef\base\internal</Filter>
    </ClInclude>
    <ClInclude Include="include\base\internal\cef_callback_internal.h">
      <Filter>cef\base\internal</Filter>
    </ClInclude>
    <ClInclude Include="include\capi\cef_task_capi.h">
      <Filter>cef\capi</Filter>
    </ClInclude>
    <ClInclude Include="include\capi\cef_thread_capi.h">
      <Filter>cef\capi</Filter>
    </ClInclude>
    <ClInclude Include="include\capi\cef_trace_capi.h">
      <Filter>cef\capi</Filter>
    </ClInclude>
    <ClInclude Include="include\capi\cef_urlrequest_capi.h">
      <Filter>cef\capi</Filter>
    </ClInclude>
    <ClInclude Include="include\capi\cef_v8_capi.h">
      <Filter>cef\capi</Filter>
    </ClInclude>
    <ClInclude Include="include\capi\cef_values_capi.h">
      <Filter>cef\capi</Filter>
    </ClInclude>
    <ClInclude Include="include\capi\cef_waitable_event_capi.h">
      <Filter>cef\capi</Filter>
    </ClInclude>
    <ClInclude Include="include\capi\cef_x509_certificate_capi.h">
      <Filter>cef\capi</Filter>
    </ClInclude>
    <ClInclude Include="include\capi\cef_xml_reader_capi.h">
      <Filter>cef\capi</Filter>
    </ClInclude>
    <ClInclude Include="include\capi\cef_zip_reader_capi.h">
      <Filter>cef\capi</Filter>
    </ClInclude>
    <ClInclude Include="include\capi\cef_accessibility_handler_capi.h">
      <Filter>cef\capi</Filter>
    </ClInclude>
    <ClInclude Include="include\capi\cef_app_capi.h">
      <Filter>cef\capi</Filter>
    </ClInclude>
    <ClInclude Include="include\capi\cef_audio_handler_capi.h">
      <Filter>cef\capi</Filter>
    </ClInclude>
    <ClInclude Include="include\capi\cef_auth_callback_capi.h">
      <Filter>cef\capi</Filter>
    </ClInclude>
    <ClInclude Include="include\capi\cef_base_capi.h">
      <Filter>cef\capi</Filter>
    </ClInclude>
    <ClInclude Include="include\capi\cef_browser_capi.h">
      <Filter>cef\capi</Filter>
    </ClInclude>
    <ClInclude Include="include\capi\cef_browser_process_handler_capi.h">
      <Filter>cef\capi</Filter>
    </ClInclude>
    <ClInclude Include="include\capi\cef_callback_capi.h">
      <Filter>cef\capi</Filter>
    </ClInclude>
    <ClInclude Include="include\capi\cef_client_capi.h">
      <Filter>cef\capi</Filter>
    </ClInclude>
    <ClInclude Include="include\capi\cef_command_handler_capi.h">
      <Filter>cef\capi</Filter>
    </ClInclude>
    <ClInclude Include="include\capi\cef_command_line_capi.h">
      <Filter>cef\capi</Filter>
    </ClInclude>
    <ClInclude Include="include\capi\cef_context_menu_handler_capi.h">
      <Filter>cef\capi</Filter>
    </ClInclude>
    <ClInclude Include="include\capi\cef_cookie_capi.h">
      <Filter>cef\capi</Filter>
    </ClInclude>
    <ClInclude Include="include\capi\cef_crash_util_capi.h">
      <Filter>cef\capi</Filter>
    </ClInclude>
    <ClInclude Include="include\capi\cef_devtools_message_observer_capi.h">
      <Filter>cef\capi</Filter>
    </ClInclude>
    <ClInclude Include="include\capi\cef_dialog_handler_capi.h">
      <Filter>cef\capi</Filter>
    </ClInclude>
    <ClInclude Include="include\capi\cef_display_handler_capi.h">
      <Filter>cef\capi</Filter>
    </ClInclude>
    <ClInclude Include="include\capi\cef_dom_capi.h">
      <Filter>cef\capi</Filter>
    </ClInclude>
    <ClInclude Include="include\capi\cef_download_handler_capi.h">
      <Filter>cef\capi</Filter>
    </ClInclude>
    <ClInclude Include="include\capi\cef_download_item_capi.h">
      <Filter>cef\capi</Filter>
    </ClInclude>
    <ClInclude Include="include\capi\cef_drag_data_capi.h">
      <Filter>cef\capi</Filter>
    </ClInclude>
    <ClInclude Include="include\capi\cef_drag_handler_capi.h">
      <Filter>cef\capi</Filter>
    </ClInclude>
    <ClInclude Include="include\capi\cef_extension_capi.h">
      <Filter>cef\capi</Filter>
    </ClInclude>
    <ClInclude Include="include\capi\cef_extension_handler_capi.h">
      <Filter>cef\capi</Filter>
    </ClInclude>
    <ClInclude Include="include\capi\cef_file_util_capi.h">
      <Filter>cef\capi</Filter>
    </ClInclude>
    <ClInclude Include="include\capi\cef_find_handler_capi.h">
      <Filter>cef\capi</Filter>
    </ClInclude>
    <ClInclude Include="include\capi\cef_focus_handler_capi.h">
      <Filter>cef\capi</Filter>
    </ClInclude>
    <ClInclude Include="include\capi\cef_frame_capi.h">
      <Filter>cef\capi</Filter>
    </ClInclude>
    <ClInclude Include="include\capi\cef_frame_handler_capi.h">
      <Filter>cef\capi</Filter>
    </ClInclude>
    <ClInclude Include="include\capi\cef_i18n_util_capi.h">
      <Filter>cef\capi</Filter>
    </ClInclude>
    <ClInclude Include="include\capi\cef_image_capi.h">
      <Filter>cef\capi</Filter>
    </ClInclude>
    <ClInclude Include="include\capi\cef_jsdialog_handler_capi.h">
      <Filter>cef\capi</Filter>
    </ClInclude>
    <ClInclude Include="include\capi\cef_keyboard_handler_capi.h">
      <Filter>cef\capi</Filter>
    </ClInclude>
    <ClInclude Include="include\capi\cef_life_span_handler_capi.h">
      <Filter>cef\capi</Filter>
    </ClInclude>
    <ClInclude Include="include\capi\cef_load_handler_capi.h">
      <Filter>cef\capi</Filter>
    </ClInclude>
    <ClInclude Include="include\capi\cef_media_router_capi.h">
      <Filter>cef\capi</Filter>
    </ClInclude>
    <ClInclude Include="include\capi\cef_menu_model_capi.h">
      <Filter>cef\capi</Filter>
    </ClInclude>
    <ClInclude Include="include\capi\cef_menu_model_delegate_capi.h">
      <Filter>cef\capi</Filter>
    </ClInclude>
    <ClInclude Include="include\capi\cef_navigation_entry_capi.h">
      <Filter>cef\capi</Filter>
    </ClInclude>
    <ClInclude Include="include\capi\cef_origin_whitelist_capi.h">
      <Filter>cef\capi</Filter>
    </ClInclude>
    <ClInclude Include="include\capi\cef_parser_capi.h">
      <Filter>cef\capi</Filter>
    </ClInclude>
    <ClInclude Include="include\capi\cef_path_util_capi.h">
      <Filter>cef\capi</Filter>
    </ClInclude>
    <ClInclude Include="include\capi\cef_permission_handler_capi.h">
      <Filter>cef\capi</Filter>
    </ClInclude>
    <ClInclude Include="include\capi\cef_preference_capi.h">
      <Filter>cef\capi</Filter>
    </ClInclude>
    <ClInclude Include="include\capi\cef_print_handler_capi.h">
      <Filter>cef\capi</Filter>
    </ClInclude>
    <ClInclude Include="include\capi\cef_print_settings_capi.h">
      <Filter>cef\capi</Filter>
    </ClInclude>
    <ClInclude Include="include\capi\cef_process_message_capi.h">
      <Filter>cef\capi</Filter>
    </ClInclude>
    <ClInclude Include="include\capi\cef_process_util_capi.h">
      <Filter>cef\capi</Filter>
    </ClInclude>
    <ClInclude Include="include\capi\cef_registration_capi.h">
      <Filter>cef\capi</Filter>
    </ClInclude>
    <ClInclude Include="include\capi\cef_render_handler_capi.h">
      <Filter>cef\capi</Filter>
    </ClInclude>
    <ClInclude Include="include\capi\cef_render_process_handler_capi.h">
      <Filter>cef\capi</Filter>
    </ClInclude>
    <ClInclude Include="include\capi\cef_request_capi.h">
      <Filter>cef\capi</Filter>
    </ClInclude>
    <ClInclude Include="include\capi\cef_request_context_capi.h">
      <Filter>cef\capi</Filter>
    </ClInclude>
    <ClInclude Include="include\capi\cef_request_context_handler_capi.h">
      <Filter>cef\capi</Filter>
    </ClInclude>
    <ClInclude Include="include\capi\cef_request_handler_capi.h">
      <Filter>cef\capi</Filter>
    </ClInclude>
    <ClInclude Include="include\capi\cef_resource_bundle_capi.h">
      <Filter>cef\capi</Filter>
    </ClInclude>
    <ClInclude Include="include\capi\cef_resource_bundle_handler_capi.h">
      <Filter>cef\capi</Filter>
    </ClInclude>
    <ClInclude Include="include\capi\cef_resource_handler_capi.h">
      <Filter>cef\capi</Filter>
    </ClInclude>
    <ClInclude Include="include\capi\cef_resource_request_handler_capi.h">
      <Filter>cef\capi</Filter>
    </ClInclude>
    <ClInclude Include="include\capi\cef_response_capi.h">
      <Filter>cef\capi</Filter>
    </ClInclude>
    <ClInclude Include="include\capi\cef_response_filter_capi.h">
      <Filter>cef\capi</Filter>
    </ClInclude>
    <ClInclude Include="include\capi\cef_scheme_capi.h">
      <Filter>cef\capi</Filter>
    </ClInclude>
    <ClInclude Include="include\capi\cef_server_capi.h">
      <Filter>cef\capi</Filter>
    </ClInclude>
    <ClInclude Include="include\capi\cef_shared_memory_region_capi.h">
      <Filter>cef\capi</Filter>
    </ClInclude>
    <ClInclude Include="include\capi\cef_shared_process_message_builder_capi.h">
      <Filter>cef\capi</Filter>
    </ClInclude>
    <ClInclude Include="include\capi\cef_ssl_info_capi.h">
      <Filter>cef\capi</Filter>
    </ClInclude>
    <ClInclude Include="include\capi\cef_ssl_status_capi.h">
      <Filter>cef\capi</Filter>
    </ClInclude>
    <ClInclude Include="include\capi\cef_stream_capi.h">
      <Filter>cef\capi</Filter>
    </ClInclude>
    <ClInclude Include="include\capi\cef_string_visitor_capi.h">
      <Filter>cef\capi</Filter>
    </ClInclude>
    <ClInclude Include="include\capi\test\cef_test_helpers_capi.h">
      <Filter>cef\capi\test</Filter>
    </ClInclude>
    <ClInclude Include="include\capi\test\cef_test_server_capi.h">
      <Filter>cef\capi\test</Filter>
    </ClInclude>
    <ClInclude Include="include\capi\test\cef_translator_test_capi.h">
      <Filter>cef\capi\test</Filter>
    </ClInclude>
    <ClInclude Include="include\capi\views\cef_layout_capi.h">
      <Filter>cef\capi\views</Filter>
    </ClInclude>
    <ClInclude Include="include\capi\views\cef_menu_button_capi.h">
      <Filter>cef\capi\views</Filter>
    </ClInclude>
    <ClInclude Include="include\capi\views\cef_menu_button_delegate_capi.h">
      <Filter>cef\capi\views</Filter>
    </ClInclude>
    <ClInclude Include="include\capi\views\cef_overlay_controller_capi.h">
      <Filter>cef\capi\views</Filter>
    </ClInclude>
    <ClInclude Include="include\capi\views\cef_panel_capi.h">
      <Filter>cef\capi\views</Filter>
    </ClInclude>
    <ClInclude Include="include\capi\views\cef_panel_delegate_capi.h">
      <Filter>cef\capi\views</Filter>
    </ClInclude>
    <ClInclude Include="include\capi\views\cef_scroll_view_capi.h">
      <Filter>cef\capi\views</Filter>
    </ClInclude>
    <ClInclude Include="include\capi\views\cef_textfield_capi.h">
      <Filter>cef\capi\views</Filter>
    </ClInclude>
    <ClInclude Include="include\capi\views\cef_textfield_delegate_capi.h">
      <Filter>cef\capi\views</Filter>
    </ClInclude>
    <ClInclude Include="include\capi\views\cef_view_capi.h">
      <Filter>cef\capi\views</Filter>
    </ClInclude>
    <ClInclude Include="include\capi\views\cef_view_delegate_capi.h">
      <Filter>cef\capi\views</Filter>
    </ClInclude>
    <ClInclude Include="include\capi\views\cef_window_capi.h">
      <Filter>cef\capi\views</Filter>
    </ClInclude>
    <ClInclude Include="include\capi\views\cef_window_delegate_capi.h">
      <Filter>cef\capi\views</Filter>
    </ClInclude>
    <ClInclude Include="include\capi\views\cef_box_layout_capi.h">
      <Filter>cef\capi\views</Filter>
    </ClInclude>
    <ClInclude Include="include\capi\views\cef_browser_view_capi.h">
      <Filter>cef\capi\views</Filter>
    </ClInclude>
    <ClInclude Include="include\capi\views\cef_browser_view_delegate_capi.h">
      <Filter>cef\capi\views</Filter>
    </ClInclude>
    <ClInclude Include="include\capi\views\cef_button_capi.h">
      <Filter>cef\capi\views</Filter>
    </ClInclude>
    <ClInclude Include="include\capi\views\cef_button_delegate_capi.h">
      <Filter>cef\capi\views</Filter>
    </ClInclude>
    <ClInclude Include="include\capi\views\cef_display_capi.h">
      <Filter>cef\capi\views</Filter>
    </ClInclude>
    <ClInclude Include="include\capi\views\cef_fill_layout_capi.h">
      <Filter>cef\capi\views</Filter>
    </ClInclude>
    <ClInclude Include="include\capi\views\cef_label_button_capi.h">
      <Filter>cef\capi\views</Filter>
    </ClInclude>
    <ClInclude Include="include\internal\cef_string_map.h">
      <Filter>cef\internal</Filter>
    </ClInclude>
    <ClInclude Include="include\internal\cef_string_multimap.h">
      <Filter>cef\internal</Filter>
    </ClInclude>
    <ClInclude Include="include\internal\cef_string_types.h">
      <Filter>cef\internal</Filter>
    </ClInclude>
    <ClInclude Include="include\internal\cef_string_wrappers.h">
      <Filter>cef\internal</Filter>
    </ClInclude>
    <ClInclude Include="include\internal\cef_thread_internal.h">
      <Filter>cef\internal</Filter>
    </ClInclude>
    <ClInclude Include="include\internal\cef_time.h">
      <Filter>cef\internal</Filter>
    </ClInclude>
    <ClInclude Include="include\internal\cef_time_wrappers.h">
      <Filter>cef\internal</Filter>
    </ClInclude>
    <ClInclude Include="include\internal\cef_trace_event_internal.h">
      <Filter>cef\internal</Filter>
    </ClInclude>
    <ClInclude Include="include\internal\cef_types.h">
      <Filter>cef\internal</Filter>
    </ClInclude>
    <ClInclude Include="include\internal\cef_types_geometry.h">
      <Filter>cef\internal</Filter>
    </ClInclude>
    <ClInclude Include="include\internal\cef_types_win.h">
      <Filter>cef\internal</Filter>
    </ClInclude>
    <ClInclude Include="include\internal\cef_types_wrappers.h">
      <Filter>cef\internal</Filter>
    </ClInclude>
    <ClInclude Include="include\internal\cef_win.h">
      <Filter>cef\internal</Filter>
    </ClInclude>
    <ClInclude Include="include\internal\cef_app_win.h">
      <Filter>cef\internal</Filter>
    </ClInclude>
    <ClInclude Include="include\internal\cef_export.h">
      <Filter>cef\internal</Filter>
    </ClInclude>
    <ClInclude Include="include\internal\cef_logging_internal.h">
      <Filter>cef\internal</Filter>
    </ClInclude>
    <ClInclude Include="include\internal\cef_ptr.h">
      <Filter>cef\internal</Filter>
    </ClInclude>
    <ClInclude Include="include\internal\cef_string.h">
      <Filter>cef\internal</Filter>
    </ClInclude>
    <ClInclude Include="include\internal\cef_string_list.h">
      <Filter>cef\internal</Filter>
    </ClInclude>
    <ClInclude Include="include\test\cef_test_server.h">
      <Filter>cef\test</Filter>
    </ClInclude>
    <ClInclude Include="include\test\cef_translator_test.h">
      <Filter>cef\test</Filter>
    </ClInclude>
    <ClInclude Include="include\test\cef_test_helpers.h">
      <Filter>cef\test</Filter>
    </ClInclude>
    <ClInclude Include="include\views\cef_browser_view_delegate.h">
      <Filter>cef\views</Filter>
    </ClInclude>
    <ClInclude Include="include\views\cef_button.h">
      <Filter>cef\views</Filter>
    </ClInclude>
    <ClInclude Include="include\views\cef_button_delegate.h">
      <Filter>cef\views</Filter>
    </ClInclude>
    <ClInclude Include="include\views\cef_display.h">
      <Filter>cef\views</Filter>
    </ClInclude>
    <ClInclude Include="include\views\cef_fill_layout.h">
      <Filter>cef\views</Filter>
    </ClInclude>
    <ClInclude Include="include\views\cef_label_button.h">
      <Filter>cef\views</Filter>
    </ClInclude>
    <ClInclude Include="include\views\cef_layout.h">
      <Filter>cef\views</Filter>
    </ClInclude>
    <ClInclude Include="include\views\cef_menu_button.h">
      <Filter>cef\views</Filter>
    </ClInclude>
    <ClInclude Include="include\views\cef_menu_button_delegate.h">
      <Filter>cef\views</Filter>
    </ClInclude>
    <ClInclude Include="include\views\cef_overlay_controller.h">
      <Filter>cef\views</Filter>
    </ClInclude>
    <ClInclude Include="include\views\cef_panel.h">
      <Filter>cef\views</Filter>
    </ClInclude>
    <ClInclude Include="include\views\cef_panel_delegate.h">
      <Filter>cef\views</Filter>
    </ClInclude>
    <ClInclude Include="include\views\cef_scroll_view.h">
      <Filter>cef\views</Filter>
    </ClInclude>
    <ClInclude Include="include\views\cef_textfield.h">
      <Filter>cef\views</Filter>
    </ClInclude>
    <ClInclude Include="include\views\cef_textfield_delegate.h">
      <Filter>cef\views</Filter>
    </ClInclude>
    <ClInclude Include="include\views\cef_view.h">
      <Filter>cef\views</Filter>
    </ClInclude>
    <ClInclude Include="include\views\cef_view_delegate.h">
      <Filter>cef\views</Filter>
    </ClInclude>
    <ClInclude Include="include\views\cef_window.h">
      <Filter>cef\views</Filter>
    </ClInclude>
    <ClInclude Include="include\views\cef_window_delegate.h">
      <Filter>cef\views</Filter>
    </ClInclude>
    <ClInclude Include="include\views\cef_box_layout.h">
      <Filter>cef\views</Filter>
    </ClInclude>
    <ClInclude Include="include\views\cef_browser_view.h">
      <Filter>cef\views</Filter>
    </ClInclude>
    <ClInclude Include="include\wrapper\cef_message_router.h">
      <Filter>cef\wrapper</Filter>
    </ClInclude>
    <ClInclude Include="include\wrapper\cef_resource_manager.h">
      <Filter>cef\wrapper</Filter>
    </ClInclude>
    <ClInclude Include="include\wrapper\cef_scoped_temp_dir.h">
      <Filter>cef\wrapper</Filter>
    </ClInclude>
    <ClInclude Include="include\wrapper\cef_stream_resource_handler.h">
      <Filter>cef\wrapper</Filter>
    </ClInclude>
    <ClInclude Include="include\wrapper\cef_xml_object.h">
      <Filter>cef\wrapper</Filter>
    </ClInclude>
    <ClInclude Include="include\wrapper\cef_zip_archive.h">
      <Filter>cef\wrapper</Filter>
    </ClInclude>
    <ClInclude Include="include\wrapper\cef_byte_read_handler.h">
      <Filter>cef\wrapper</Filter>
    </ClInclude>
    <ClInclude Include="include\wrapper\cef_closure_task.h">
      <Filter>cef\wrapper</Filter>
    </ClInclude>
    <ClInclude Include="include\wrapper\cef_helpers.h">
      <Filter>cef\wrapper</Filter>
    </ClInclude>
  </ItemGroup>
  <ItemGroup>
    <ClCompile Include="src\ds\ui\sprite\web.cpp">
      <Filter>src\ds\ui\sprite</Filter>
    </ClCompile>
    <ClCompile Include="src\private\web_service.cpp">
      <Filter>src\private</Filter>
    </ClCompile>
    <ClCompile Include="src\private\web_app.cc">
      <Filter>src\private</Filter>
    </ClCompile>
    <ClCompile Include="..\..\..\src\stdafx.cpp">
      <Filter>src</Filter>
    </ClCompile>
    <ClCompile Include="src\private\web_handler.cpp">
      <Filter>src\private</Filter>
    </ClCompile>
  </ItemGroup>
  <ItemGroup>
    <Text Include="include\base\internal\README-TRANSFER.txt">
      <Filter>cef\base\internal</Filter>
    </Text>
  </ItemGroup>
</Project>