Microsoft Visual Studio Solution File, Format Version 12.00
# Visual Studio 14
VisualStudioVersion = 14.0.25420.1
MinimumVisualStudioVersion = 10.0.40219.1
Project("{8BC9CEB8-8B4A-11D0-8D11-00A0C91BC942}") = "scroll_example", "scroll_example.vcxproj", "{F836C3BE-11C1-4505-BB16-0CC8A91C14AE}"
	ProjectSection(ProjectDependencies) = postProject
		{BA6D6227-5B3F-4967-B005-1A9573FF6A69} = {BA6D6227-5B3F-4967-B005-1A9573FF6A69}
		{80CC472C-E968-46A3-B770-93615FF1A70B} = {80CC472C-E968-46A3-B770-93615FF1A70B}
		{EDC54D75-EC44-4587-8A0F-141FA45CE652} = {EDC54D75-EC44-4587-8A0F-141FA45CE652}
		{1BF6FE7B-4381-41A4-92FC-5C1CDC4294D6} = {1BF6FE7B-4381-41A4-92FC-5C1CDC4294D6}
		{FDE518C6-AFB7-4400-B252-82C978DE7D82} = {FDE518C6-AFB7-4400-B252-82C978DE7D82}
		{D66469E5-B8D3-4356-A386-C7C54306B6DC} = {D66469E5-B8D3-4356-A386-C7C54306B6DC}
	EndProjectSection
EndProject
Project("{8BC9CEB8-8B4A-11D0-8D11-00A0C91BC942}") = "platform", "%DS_PLATFORM_090%\vs2015\platform.vcxproj", "{D66469E5-B8D3-4356-A386-C7C54306B6DC}"
EndProject
Project("{8BC9CEB8-8B4A-11D0-8D11-00A0C91BC942}") = "cef_web", "%DS_PLATFORM_090%\projects\web\cef\cef_web.vcxproj", "{FDE518C6-AFB7-4400-B252-82C978DE7D82}"
	ProjectSection(ProjectDependencies) = postProject
		{D66469E5-B8D3-4356-A386-C7C54306B6DC} = {D66469E5-B8D3-4356-A386-C7C54306B6DC}
	EndProjectSection
EndProject
Project("{8BC9CEB8-8B4A-11D0-8D11-00A0C91BC942}") = "essentials", "%DS_PLATFORM_090%\projects\essentials\essentials.vcxproj", "{80CC472C-E968-46A3-B770-93615FF1A70B}"
EndProject
Project("{8BC9CEB8-8B4A-11D0-8D11-00A0C91BC942}") = "video", "%DS_PLATFORM_090%\projects\video\gstreamer-1.0\video.vcxproj", "{EDC54D75-EC44-4587-8A0F-141FA45CE652}"
EndProject
Project("{8BC9CEB8-8B4A-11D0-8D11-00A0C91BC942}") = "pdf", "%DS_PLATFORM_090%\projects\pdf\mupdf\pdf.vcxproj", "{BA6D6227-5B3F-4967-B005-1A9573FF6A69}"
EndProject
Project("{8BC9CEB8-8B4A-11D0-8D11-00A0C91BC942}") = "viewers", "%DS_PLATFORM_090%\projects\viewers\viewers.vcxproj", "{1BF6FE7B-4381-41A4-92FC-5C1CDC4294D6}"
	ProjectSection(ProjectDependencies) = postProject
		{BA6D6227-5B3F-4967-B005-1A9573FF6A69} = {BA6D6227-5B3F-4967-B005-1A9573FF6A69}
		{80CC472C-E968-46A3-B770-93615FF1A70B} = {80CC472C-E968-46A3-B770-93615FF1A70B}
		{EDC54D75-EC44-4587-8A0F-141FA45CE652} = {EDC54D75-EC44-4587-8A0F-141FA45CE652}
		{FDE518C6-AFB7-4400-B252-82C978DE7D82} = {FDE518C6-AFB7-4400-B252-82C978DE7D82}
		{D66469E5-B8D3-4356-A386-C7C54306B6DC} = {D66469E5-B8D3-4356-A386-C7C54306B6DC}
	EndProjectSection
EndProject
Global
	GlobalSection(SolutionConfigurationPlatforms) = preSolution
		Debug|x64 = Debug|x64
		Release|x64 = Release|x64
	EndGlobalSection
	GlobalSection(ProjectConfigurationPlatforms) = postSolution
		{F836C3BE-11C1-4505-BB16-0CC8A91C14AE}.Debug|x64.ActiveCfg = Debug|x64
		{F836C3BE-11C1-4505-BB16-0CC8A91C14AE}.Debug|x64.Build.0 = Debug|x64
		{F836C3BE-11C1-4505-BB16-0CC8A91C14AE}.Release|x64.ActiveCfg = Release|x64
		{F836C3BE-11C1-4505-BB16-0CC8A91C14AE}.Release|x64.Build.0 = Release|x64
		{D66469E5-B8D3-4356-A386-C7C54306B6DC}.Debug|x64.ActiveCfg = Debug|x64
		{D66469E5-B8D3-4356-A386-C7C54306B6DC}.Debug|x64.Build.0 = Debug|x64
		{D66469E5-B8D3-4356-A386-C7C54306B6DC}.Release|x64.ActiveCfg = Release|x64
		{D66469E5-B8D3-4356-A386-C7C54306B6DC}.Release|x64.Build.0 = Release|x64
		{FDE518C6-AFB7-4400-B252-82C978DE7D82}.Debug|x64.ActiveCfg = Debug|x64
		{FDE518C6-AFB7-4400-B252-82C978DE7D82}.Debug|x64.Build.0 = Debug|x64
		{FDE518C6-AFB7-4400-B252-82C978DE7D82}.Release|x64.ActiveCfg = Release|x64
		{FDE518C6-AFB7-4400-B252-82C978DE7D82}.Release|x64.Build.0 = Release|x64
		{80CC472C-E968-46A3-B770-93615FF1A70B}.Debug|x64.ActiveCfg = Debug|x64
		{80CC472C-E968-46A3-B770-93615FF1A70B}.Debug|x64.Build.0 = Debug|x64
		{80CC472C-E968-46A3-B770-93615FF1A70B}.Release|x64.ActiveCfg = Release|x64
		{80CC472C-E968-46A3-B770-93615FF1A70B}.Release|x64.Build.0 = Release|x64
		{EDC54D75-EC44-4587-8A0F-141FA45CE652}.Debug|x64.ActiveCfg = Debug|x64
		{EDC54D75-EC44-4587-8A0F-141FA45CE652}.Debug|x64.Build.0 = Debug|x64
		{EDC54D75-EC44-4587-8A0F-141FA45CE652}.Release|x64.ActiveCfg = Release|x64
		{EDC54D75-EC44-4587-8A0F-141FA45CE652}.Release|x64.Build.0 = Release|x64
		{BA6D6227-5B3F-4967-B005-1A9573FF6A69}.Debug|x64.ActiveCfg = Debug|x64
		{BA6D6227-5B3F-4967-B005-1A9573FF6A69}.Debug|x64.Build.0 = Debug|x64
		{BA6D6227-5B3F-4967-B005-1A9573FF6A69}.Release|x64.ActiveCfg = Release|x64
		{BA6D6227-5B3F-4967-B005-1A9573FF6A69}.Release|x64.Build.0 = Release|x64
		{1BF6FE7B-4381-41A4-92FC-5C1CDC4294D6}.Debug|x64.ActiveCfg = Debug|x64
		{1BF6FE7B-4381-41A4-92FC-5C1CDC4294D6}.Debug|x64.Build.0 = Debug|x64
		{1BF6FE7B-4381-41A4-92FC-5C1CDC4294D6}.Release|x64.ActiveCfg = Release|x64
		{1BF6FE7B-4381-41A4-92FC-5C1CDC4294D6}.Release|x64.Build.0 = Release|x64
	EndGlobalSection
	GlobalSection(SolutionProperties) = preSolution
		HideSolutionNode = FALSE
	EndGlobalSection
EndGlobal

