<?xml version="1.0" encoding="utf-8"?>
<Project ToolsVersion="4.0" xmlns="http://schemas.microsoft.com/developer/msbuild/2003">
  <ItemGroup>
    <ClCompile Include="..\src\app\app_defs.cpp">
      <Filter>src\app</Filter>
    </ClCompile>
    <ClCompile Include="..\src\app\globals.cpp">
      <Filter>src\app</Filter>
    </ClCompile>
    <ClCompile Include="..\src\query\query_handler.cpp">
      <Filter>src\query</Filter>
    </ClCompile>
    <ClCompile Include="..\src\model\generated\story_model.cpp">
      <Filter>src\model\generated</Filter>
    </ClCompile>
    <ClCompile Include="..\src\query\story_query.cpp">
      <Filter>src\query</Filter>
    </ClCompile>
    <ClCompile Include="..\src\app\circlecropexample_app.cpp">
      <Filter>src\app</Filter>
    </ClCompile>
  </ItemGroup>
  <ItemGroup>
    <ClInclude Include="..\src\app\app_defs.h">
      <Filter>src\app</Filter>
    </ClInclude>
    <ClInclude Include="..\src\events\app_events.h">
      <Filter>src\events</Filter>
    </ClInclude>
    <ClInclude Include="..\src\app\globals.h">
      <Filter>src\app</Filter>
    </ClInclude>
    <ClInclude Include="..\src\query\query_handler.h">
      <Filter>src\query</Filter>
    </ClInclude>
    <ClInclude Include="..\src\model\all_data.h">
      <Filter>src\model</Filter>
    </ClInclude>
    <ClInclude Include="..\src\model\generated\story_model.h">
      <Filter>src\model\generated</Filter>
    </ClInclude>
    <ClInclude Include="..\src\query\story_query.h">
      <Filter>src\query</Filter>
    </ClInclude>
    <ClInclude Include="..\src\model\all_stories.h">
      <Filter>src\model</Filter>
    </ClInclude>
    <ClInclude Include="..\src\app\circlecropexample_app.h">
      <Filter>src\app</Filter>
    </ClInclude>
  </ItemGroup>
  <ItemGroup>
    <ResourceCompile Include="Resources.rc">
      <Filter>Resources</Filter>
    </ResourceCompile>
    <ResourceCompile Include="$(DS_PLATFORM_090)\vs2015\FrameworkResources.rc" />
  </ItemGroup>
  <ItemGroup>
    <Filter Include="src">
      <UniqueIdentifier>{bd651da1-0866-4e2a-aa82-d56951beeff3}</UniqueIdentifier>
    </Filter>
    <Filter Include="src\model">
      <UniqueIdentifier>{319fa3ee-b4b6-4c09-82f9-ae7e64131109}</UniqueIdentifier>
    </Filter>
    <Filter Include="src\model\generated">
      <UniqueIdentifier>{1508715c-b79f-4ac7-a607-eac85980f6a0}</UniqueIdentifier>
    </Filter>
    <Filter Include="src\query">
      <UniqueIdentifier>{7406c89a-2752-4cbf-b0fc-2db2c8ec7223}</UniqueIdentifier>
    </Filter>
    <Filter Include="src\app">
      <UniqueIdentifier>{dd1b41ab-1751-4126-9ac0-507d8fee6176}</UniqueIdentifier>
    </Filter>
    <Filter Include="src\events">
      <UniqueIdentifier>{6447eec3-c372-4d24-b1e9-c64d49a9aa30}</UniqueIdentifier>
    </Filter>
    <Filter Include="Resources">
      <UniqueIdentifier>{3eca459a-2fc2-4471-8dd4-6c188d47d4f9}</UniqueIdentifier>
    </Filter>
  </ItemGroup>
</Project>