<?xml version="1.0" encoding="utf-8"?>
<Project ToolsVersion="4.0" xmlns="http://schemas.microsoft.com/developer/msbuild/2003">
  <ItemGroup>
    <Filter Include="src">
      <UniqueIdentifier>{2b08b134-7635-4eab-8a25-0c1580e926be}</UniqueIdentifier>
    </Filter>
    <Filter Include="src\nvpath">
      <UniqueIdentifier>{c65bbd42-9cc4-424a-b958-e76a8163b170}</UniqueIdentifier>
    </Filter>
    <Filter Include="src\cy">
      <UniqueIdentifier>{63e3086e-b4ba-4616-b7c2-dbe4d8c25668}</UniqueIdentifier>
    </Filter>
    <Filter Include="src\ds">
      <UniqueIdentifier>{fff1d98e-9311-4c26-a0e4-982f29d8a345}</UniqueIdentifier>
    </Filter>
    <Filter Include="src\ds\ui">
      <UniqueIdentifier>{0d3cb160-80c4-4033-abe1-188c6021d34e}</UniqueIdentifier>
    </Filter>
    <Filter Include="src\ds\ui\sprite">
      <UniqueIdentifier>{439d8666-e55a-405e-a8b2-d6c1dc7a551f}</UniqueIdentifier>
    </Filter>
  </ItemGroup>
  <ItemGroup>
    <ClCompile Include="..\..\src\stdafx.cpp" />
    <ClCompile Include="src\nvpath\NvPath.cpp">
      <Filter>src\nvpath</Filter>
    </ClCompile>
    <ClCompile Include="src\nvpath\NvPathSvg.cpp">
      <Filter>src\nvpath</Filter>
    </ClCompile>
    <ClCompile Include="src\ds\ui\sprite\path_sprite.cpp">
      <Filter>src\ds\ui\sprite</Filter>
    </ClCompile>
    <ClCompile Include="src\ds\ui\sprite\svg_sprite.cpp">
      <Filter>src\ds\ui\sprite</Filter>
    </ClCompile>
  </ItemGroup>
  <ItemGroup>
    <ClInclude Include="..\..\src\stdafx.h" />
    <ClInclude Include="src\nvpath\NvPath.h">
      <Filter>src\nvpath</Filter>
    </ClInclude>
    <ClInclude Include="src\nvpath\NvPathSvg.h">
      <Filter>src\nvpath</Filter>
    </ClInclude>
    <ClInclude Include="src\nvpath\NvPathUtil.h">
      <Filter>src\nvpath</Filter>
    </ClInclude>
    <ClInclude Include="src\cy\cyCore.h">
      <Filter>src\cy</Filter>
    </ClInclude>
    <ClInclude Include="src\cy\cyPolynomial.h">
      <Filter>src\cy</Filter>
    </ClInclude>
    <ClInclude Include="src\ds\ui\sprite\path_sprite.h">
      <Filter>src\ds\ui\sprite</Filter>
    </ClInclude>
    <ClInclude Include="src\ds\ui\sprite\svg_sprite.h">
      <Filter>src\ds\ui\sprite</Filter>
    </ClInclude>
  </ItemGroup>
</Project>