<?xml version="1.0" encoding="utf-8"?>
<Project ToolsVersion="4.0" xmlns="http://schemas.microsoft.com/developer/msbuild/2003">
  <ItemGroup>
    <Filter Include="src">
      <UniqueIdentifier>{2b08b134-7635-4eab-8a25-0c1580e926be}</UniqueIdentifier>
    </Filter>
    <Filter Include="src\ds">
      <UniqueIdentifier>{5b27e3c9-ef81-4e73-a15a-16cae42779f3}</UniqueIdentifier>
    </Filter>
    <Filter Include="src\ds\ui">
      <UniqueIdentifier>{5d60b7ae-2b5f-409d-8171-e0a5aa73bf77}</UniqueIdentifier>
    </Filter>
    <Filter Include="src\ds\ui\panel">
      <UniqueIdentifier>{327e38e3-c641-4107-af69-fa9989e4c297}</UniqueIdentifier>
    </Filter>
    <Filter Include="src\ds\ui\media">
      <UniqueIdentifier>{1c3b1b4b-c792-484a-b62e-9de959d69a62}</UniqueIdentifier>
    </Filter>
    <Filter Include="src\ds\ui\media\player">
      <UniqueIdentifier>{58d5e4bb-3778-42da-842c-b286c5f9d248}</UniqueIdentifier>
    </Filter>
    <Filter Include="src\ds\ui\media\interface">
      <UniqueIdentifier>{1133dea6-2da1-4dd9-b250-a62c1fb8417c}</UniqueIdentifier>
    </Filter>
    <Filter Include="src\ds\util">
      <UniqueIdentifier>{91985965-bb17-4d7c-bcad-d9e9c41202f5}</UniqueIdentifier>
    </Filter>
    <Filter Include="src\ds\util\pixel_packer">
      <UniqueIdentifier>{928bc787-8be0-41f0-a394-f38424d74f10}</UniqueIdentifier>
    </Filter>
    <Filter Include="src\ds\util\pixel_packer\pak">
      <UniqueIdentifier>{928237d2-afed-468c-89a0-8eb5b8a48f6c}</UniqueIdentifier>
    </Filter>
    <Filter Include="src\ds\util\pixel_packer\util">
      <UniqueIdentifier>{aba1485d-0ad5-4ba9-b0b3-c9edaf5b9302}</UniqueIdentifier>
    </Filter>
  </ItemGroup>
  <ItemGroup>
    <ClCompile Include="src\ds\ui\panel\base_panel.cpp">
      <Filter>src\ds\ui\panel</Filter>
    </ClCompile>
    <ClCompile Include="src\ds\ui\media\media_slideshow.cpp">
      <Filter>src\ds\ui\media</Filter>
    </ClCompile>
    <ClCompile Include="src\ds\ui\media\media_viewer.cpp">
      <Filter>src\ds\ui\media</Filter>
    </ClCompile>
    <ClCompile Include="src\ds\ui\media\player\video_player.cpp">
      <Filter>src\ds\ui\media\player</Filter>
    </ClCompile>
    <ClCompile Include="src\ds\ui\media\player\web_player.cpp">
      <Filter>src\ds\ui\media\player</Filter>
    </ClCompile>
    <ClCompile Include="src\ds\ui\media\player\pdf_player.cpp">
      <Filter>src\ds\ui\media\player</Filter>
    </ClCompile>
    <ClCompile Include="src\ds\ui\media\interface\video_volume_control.cpp">
      <Filter>src\ds\ui\media\interface</Filter>
    </ClCompile>
    <ClCompile Include="src\ds\ui\media\interface\web_interface.cpp">
      <Filter>src\ds\ui\media\interface</Filter>
    </ClCompile>
    <ClCompile Include="src\ds\ui\media\interface\pdf_interface.cpp">
      <Filter>src\ds\ui\media\interface</Filter>
    </ClCompile>
    <ClCompile Include="src\ds\ui\media\interface\video_interface.cpp">
      <Filter>src\ds\ui\media\interface</Filter>
    </ClCompile>
    <ClCompile Include="src\ds\ui\media\interface\video_scrub_bar.cpp">
      <Filter>src\ds\ui\media\interface</Filter>
    </ClCompile>
    <ClCompile Include="src\ds\ui\media\player\stream_player.cpp">
      <Filter>src\ds\ui\media\player</Filter>
    </ClCompile>
    <ClCompile Include="src\ds\util\pixel_packer\pak\algoShelfSimple.cpp">
      <Filter>src\ds\util\pixel_packer\pak</Filter>
    </ClCompile>
    <ClCompile Include="src\ds\util\pixel_packer\pak\pixelPak.cpp">
      <Filter>src\ds\util\pixel_packer\pak</Filter>
    </ClCompile>
    <ClCompile Include="src\ds\util\pixel_packer\pak\algoGil.cpp">
      <Filter>src\ds\util\pixel_packer\pak</Filter>
    </ClCompile>
    <ClCompile Include="src\ds\util\pixel_packer\pak\algoMaxRects.cpp">
      <Filter>src\ds\util\pixel_packer\pak</Filter>
    </ClCompile>
    <ClCompile Include="src\ds\util\pixel_packer\util\myVector2.cpp">
      <Filter>src\ds\util\pixel_packer\util</Filter>
    </ClCompile>
    <ClCompile Include="src\ds\util\pixel_packer\util\myBox.cpp">
      <Filter>src\ds\util\pixel_packer\util</Filter>
    </ClCompile>
    <ClCompile Include="src\ds\ui\panel\panel_layouts.cpp">
      <Filter>src\ds\ui\panel</Filter>
    </ClCompile>
    <ClCompile Include="src\ds\ui\media\media_player.cpp">
      <Filter>src\ds\ui\media</Filter>
    </ClCompile>
    <ClCompile Include="src\ds\ui\media\media_interface.cpp">
      <Filter>src\ds\ui\media</Filter>
    </ClCompile>
    <ClCompile Include="src\ds\ui\media\media_interface_builder.cpp">
      <Filter>src\ds\ui\media</Filter>
    </ClCompile>
  </ItemGroup>
  <ItemGroup>
    <ClInclude Include="src\ds\ui\panel\base_panel.h">
      <Filter>src\ds\ui\panel</Filter>
    </ClInclude>
    <ClInclude Include="src\ds\ui\media\media_slideshow.h">
      <Filter>src\ds\ui\media</Filter>
    </ClInclude>
    <ClInclude Include="src\ds\ui\media\media_viewer.h">
      <Filter>src\ds\ui\media</Filter>
    </ClInclude>
    <ClInclude Include="src\ds\ui\media\player\video_player.h">
      <Filter>src\ds\ui\media\player</Filter>
    </ClInclude>
    <ClInclude Include="src\ds\ui\media\player\web_player.h">
      <Filter>src\ds\ui\media\player</Filter>
    </ClInclude>
    <ClInclude Include="src\ds\ui\media\player\pdf_player.h">
      <Filter>src\ds\ui\media\player</Filter>
    </ClInclude>
    <ClInclude Include="src\ds\ui\media\interface\video_volume_control.h">
      <Filter>src\ds\ui\media\interface</Filter>
    </ClInclude>
    <ClInclude Include="src\ds\ui\media\interface\web_interface.h">
      <Filter>src\ds\ui\media\interface</Filter>
    </ClInclude>
    <ClInclude Include="src\ds\ui\media\interface\pdf_interface.h">
      <Filter>src\ds\ui\media\interface</Filter>
    </ClInclude>
    <ClInclude Include="src\ds\ui\media\interface\video_interface.h">
      <Filter>src\ds\ui\media\interface</Filter>
    </ClInclude>
    <ClInclude Include="src\ds\ui\media\interface\video_scrub_bar.h">
      <Filter>src\ds\ui\media\interface</Filter>
    </ClInclude>
    <ClInclude Include="src\ds\ui\media\player\stream_player.h">
      <Filter>src\ds\ui\media\player</Filter>
    </ClInclude>
    <ClInclude Include="src\ds\ui\media\media_viewer_settings.h">
      <Filter>src\ds\ui\media</Filter>
    </ClInclude>
    <ClInclude Include="src\ds\util\pixel_packer\pak\algoMaxRects.h">
      <Filter>src\ds\util\pixel_packer\pak</Filter>
    </ClInclude>
    <ClInclude Include="src\ds\util\pixel_packer\pak\algoShelfSimple.h">
      <Filter>src\ds\util\pixel_packer\pak</Filter>
    </ClInclude>
    <ClInclude Include="src\ds\util\pixel_packer\pak\pixelAlgo.h">
      <Filter>src\ds\util\pixel_packer\pak</Filter>
    </ClInclude>
    <ClInclude Include="src\ds\util\pixel_packer\pak\pixelPak.h">
      <Filter>src\ds\util\pixel_packer\pak</Filter>
    </ClInclude>
    <ClInclude Include="src\ds\util\pixel_packer\pak\algoGil.h">
      <Filter>src\ds\util\pixel_packer\pak</Filter>
    </ClInclude>
    <ClInclude Include="src\ds\util\pixel_packer\util\myBox.h">
      <Filter>src\ds\util\pixel_packer\util</Filter>
    </ClInclude>
    <ClInclude Include="src\ds\util\pixel_packer\util\myVector2.h">
      <Filter>src\ds\util\pixel_packer\util</Filter>
    </ClInclude>
    <ClInclude Include="src\ds\ui\panel\panel_layouts.h">
      <Filter>src\ds\ui\panel</Filter>
    </ClInclude>
    <ClInclude Include="src\ds\ui\media\media_player.h">
      <Filter>src\ds\ui\media</Filter>
    </ClInclude>
    <ClInclude Include="src\ds\ui\media\media_interface_builder.h">
      <Filter>src\ds\ui\media</Filter>
    </ClInclude>
    <ClInclude Include="src\ds\ui\media\media_interface.h">
      <Filter>src\ds\ui\media</Filter>
    </ClInclude>
  </ItemGroup>
</Project>