Microsoft Visual Studio Solution File, Format Version 12.00
# Visual Studio 2013
VisualStudioVersion = 12.0.40629.0
MinimumVisualStudioVersion = 12.0.31101.0
Project("{8BC9CEB8-8B4A-11D0-8D11-00A0C91BC942}") = "pdf_example", "pdf_example.vcxproj", "{F836C3BE-11C1-4505-BB16-0CC8A91C14AE}"
	ProjectSection(ProjectDependencies) = postProject
		{BA6D6227-5B3F-4967-B005-1A9573FF6A69} = {BA6D6227-5B3F-4967-B005-1A9573FF6A69}
		{D66469E5-B8D3-4356-A386-C7C54306B6DC} = {D66469E5-B8D3-4356-A386-C7C54306B6DC}
	EndProjectSection
EndProject
Project("{8BC9CEB8-8B4A-11D0-8D11-00A0C91BC942}") = "platform", "%DS_PLATFORM_086%\vs2013\platform.vcxproj", "{D66469E5-B8D3-4356-A386-C7C54306B6DC}"
EndProject
Project("{8BC9CEB8-8B4A-11D0-8D11-00A0C91BC942}") = "pdf", "%DS_PLATFORM_086%\projects\pdf\mupdf\pdf.vcxproj", "{BA6D6227-5B3F-4967-B005-1A9573FF6A69}"
	ProjectSection(ProjectDependencies) = postProject
		{D66469E5-B8D3-4356-A386-C7C54306B6DC} = {D66469E5-B8D3-4356-A386-C7C54306B6DC}
	EndProjectSection
EndProject
Global
	GlobalSection(SolutionConfigurationPlatforms) = preSolution
		Debug|Win32 = Debug|Win32
		Release|Win32 = Release|Win32
	EndGlobalSection
	GlobalSection(ProjectConfigurationPlatforms) = postSolution
		{F836C3BE-11C1-4505-BB16-0CC8A91C14AE}.Debug|Win32.ActiveCfg = Debug|Win32
		{F836C3BE-11C1-4505-BB16-0CC8A91C14AE}.Debug|Win32.Build.0 = Debug|Win32
		{F836C3BE-11C1-4505-BB16-0CC8A91C14AE}.Release|Win32.ActiveCfg = Release|Win32
		{F836C3BE-11C1-4505-BB16-0CC8A91C14AE}.Release|Win32.Build.0 = Release|Win32
		{D66469E5-B8D3-4356-A386-C7C54306B6DC}.Debug|Win32.ActiveCfg = Debug|Win32
		{D66469E5-B8D3-4356-A386-C7C54306B6DC}.Debug|Win32.Build.0 = Debug|Win32
		{D66469E5-B8D3-4356-A386-C7C54306B6DC}.Release|Win32.ActiveCfg = Release|Win32
		{D66469E5-B8D3-4356-A386-C7C54306B6DC}.Release|Win32.Build.0 = Release|Win32
		{BA6D6227-5B3F-4967-B005-1A9573FF6A69}.Debug|Win32.ActiveCfg = Debug|Win32
		{BA6D6227-5B3F-4967-B005-1A9573FF6A69}.Debug|Win32.Build.0 = Debug|Win32
		{BA6D6227-5B3F-4967-B005-1A9573FF6A69}.Release|Win32.ActiveCfg = Release|Win32
		{BA6D6227-5B3F-4967-B005-1A9573FF6A69}.Release|Win32.Build.0 = Release|Win32
	EndGlobalSection
	GlobalSection(SolutionProperties) = preSolution
		HideSolutionNode = FALSE
	EndGlobalSection
EndGlobal
