<?xml version="1.0" encoding="utf-8"?>
<Project ToolsVersion="4.0" xmlns="http://schemas.microsoft.com/developer/msbuild/2003">
  <ItemGroup>
    <ClCompile Include="..\src\app\generic_data_model_app.cpp">
      <Filter>src\app</Filter>
    </ClCompile>
    <ClCompile Include="..\src\stdafx.cpp">
      <Filter>src</Filter>
    </ClCompile>
    <ClCompile Include="..\src\ui\table\table_view.cpp">
      <Filter>src\ui\table</Filter>
    </ClCompile>
    <ClCompile Include="..\src\ui\table\table_nav_item.cpp">
      <Filter>src\ui\table</Filter>
    </ClCompile>
    <ClCompile Include="..\src\ui\table\table_table_item.cpp">
      <Filter>src\ui\table</Filter>
    </ClCompile>
  </ItemGroup>
  <ItemGroup>
    <ClInclude Include="..\src\app\generic_data_model_app.h">
      <Filter>src\app</Filter>
    </ClInclude>
    <ClInclude Include="..\src\stdafx.h">
      <Filter>src</Filter>
    </ClInclude>
    <ClInclude Include="..\src\ui\table\table_view.h">
      <Filter>src\ui\table</Filter>
    </ClInclude>
    <ClInclude Include="..\src\ui\table\table_nav_item.h">
      <Filter>src\ui\table</Filter>
    </ClInclude>
    <ClInclude Include="..\src\ui\table\table_table_item.h">
      <Filter>src\ui\table</Filter>
    </ClInclude>
  </ItemGroup>
  <ItemGroup>
    <ResourceCompile Include="Resources.rc" />
  </ItemGroup>
  <ItemGroup>
    <Filter Include="src">
      <UniqueIdentifier>{bd651da1-0866-4e2a-aa82-d56951beeff3}</UniqueIdentifier>
    </Filter>
    <Filter Include="src\ui">
      <UniqueIdentifier>{9b9f5de1-cbd5-4cb7-a580-46be59c2cf82}</UniqueIdentifier>
    </Filter>
    <Filter Include="src\app">
      <UniqueIdentifier>{dd1b41ab-1751-4126-9ac0-507d8fee6176}</UniqueIdentifier>
    </Filter>
    <Filter Include="Resources">
      <UniqueIdentifier>{3eca459a-2fc2-4471-8dd4-6c188d47d4f9}</UniqueIdentifier>
    </Filter>
    <Filter Include="src\ui\table">
      <UniqueIdentifier>{74540299-9679-44d8-9bef-2f9468b22ea2}</UniqueIdentifier>
    </Filter>
  </ItemGroup>
</Project>