<?xml version="1.0" encoding="utf-8"?>
<Project ToolsVersion="4.0" xmlns="http://schemas.microsoft.com/developer/msbuild/2003">
  <ItemGroup>
    <ClCompile Include="..\src\app\app_defs.cpp">
      <Filter>src\app</Filter>
    </ClCompile>
    <ClCompile Include="..\src\app\globals.cpp">
      <Filter>src\app</Filter>
    </ClCompile>
    <ClCompile Include="..\src\app\globeexample_app.cpp">
      <Filter>src\app</Filter>
    </ClCompile>
    <ClCompile Include="..\src\ui\globe\globe_view.cpp">
      <Filter>src\ui\globe</Filter>
    </ClCompile>
    <ClCompile Include="..\src\ui\globe\pins\globe_pin_manager.cpp">
      <Filter>src\ui\globe\pins</Filter>
    </ClCompile>
    <ClCompile Include="..\src\ui\globe\pins\globe_pin.cpp">
      <Filter>src\ui\globe\pins</Filter>
    </ClCompile>
    <ClCompile Include="..\src\model\location_model.cpp">
      <Filter>src\model</Filter>
    </ClCompile>
    <ClCompile Include="..\src\ui\population\population_pin.cpp">
      <Filter>src\ui\population</Filter>
    </ClCompile>
    <ClCompile Include="..\src\ui\population\population_view.cpp">
      <Filter>src\ui\population</Filter>
    </ClCompile>
  </ItemGroup>
  <ItemGroup>
    <ClInclude Include="..\src\app\app_defs.h">
      <Filter>src\app</Filter>
    </ClInclude>
    <ClInclude Include="..\src\app\globals.h">
      <Filter>src\app</Filter>
    </ClInclude>
    <ClInclude Include="..\src\app\globeexample_app.h">
      <Filter>src\app</Filter>
    </ClInclude>
    <ClInclude Include="..\src\ui\globe\globe_view.h">
      <Filter>src\ui\globe</Filter>
    </ClInclude>
    <ClInclude Include="..\src\ui\globe\pins\globe_pin.h">
      <Filter>src\ui\globe\pins</Filter>
    </ClInclude>
    <ClInclude Include="..\src\ui\globe\pins\globe_pin_manager.h">
      <Filter>src\ui\globe\pins</Filter>
    </ClInclude>
    <ClInclude Include="..\src\model\location_model.h">
      <Filter>src\model</Filter>
    </ClInclude>
    <ClInclude Include="..\src\ui\population\population_pin.h">
      <Filter>src\ui\population</Filter>
    </ClInclude>
    <ClInclude Include="..\src\ui\population\population_view.h">
      <Filter>src\ui\population</Filter>
    </ClInclude>
    <ClInclude Include="..\src\event\app_events.h">
      <Filter>src\events</Filter>
    </ClInclude>
  </ItemGroup>
  <ItemGroup>
    <ResourceCompile Include="Resources.rc">
      <Filter>Resources</Filter>
    </ResourceCompile>
    <ResourceCompile Include="$(DS_PLATFORM_093)\vs2015\FrameworkResources.rc" />
  </ItemGroup>
  <ItemGroup>
    <Filter Include="src">
      <UniqueIdentifier>{bd651da1-0866-4e2a-aa82-d56951beeff3}</UniqueIdentifier>
    </Filter>
    <Filter Include="src\ui">
      <UniqueIdentifier>{9b9f5de1-cbd5-4cb7-a580-46be59c2cf82}</UniqueIdentifier>
    </Filter>
    <Filter Include="src\app">
      <UniqueIdentifier>{dd1b41ab-1751-4126-9ac0-507d8fee6176}</UniqueIdentifier>
    </Filter>
    <Filter Include="Resources">
      <UniqueIdentifier>{3eca459a-2fc2-4471-8dd4-6c188d47d4f9}</UniqueIdentifier>
    </Filter>
    <Filter Include="src\ui\globe">
      <UniqueIdentifier>{e708f280-0877-4bc9-8e10-343e4b6d7074}</UniqueIdentifier>
    </Filter>
    <Filter Include="src\ui\globe\pins">
      <UniqueIdentifier>{d4e2d9d2-7948-4e89-bd4b-d5682ad48ca4}</UniqueIdentifier>
    </Filter>
    <Filter Include="src\model">
      <UniqueIdentifier>{ef3e9547-d934-4256-a198-452d6aad581a}</UniqueIdentifier>
    </Filter>
    <Filter Include="src\ui\population">
      <UniqueIdentifier>{5a33c213-6aba-4e31-af63-1ee302f837b6}</UniqueIdentifier>
    </Filter>
    <Filter Include="src\events">
      <UniqueIdentifier>{8cdaf4c7-4189-49cc-8385-c6c28bf999e2}</UniqueIdentifier>
    </Filter>
  </ItemGroup>
</Project>