<?xml version="1.0" encoding="utf-8"?>
<Project ToolsVersion="4.0" xmlns="http://schemas.microsoft.com/developer/msbuild/2003">
  <ItemGroup>
    <Filter Include="src">
      <UniqueIdentifier>{c6487098-2eaf-493d-ada3-1025bb854738}</UniqueIdentifier>
    </Filter>
    <Filter Include="src\ds">
      <UniqueIdentifier>{78d83269-245b-4726-9b7d-eed59de07506}</UniqueIdentifier>
    </Filter>
    <Filter Include="src\ds\app">
      <UniqueIdentifier>{371cbcf6-40e2-4cc7-8de8-324884a1a41e}</UniqueIdentifier>
    </Filter>
    <Filter Include="src\ds\debug">
      <UniqueIdentifier>{f33039c8-3c8e-44ce-84fa-cb1e9ec7f1f1}</UniqueIdentifier>
    </Filter>
    <Filter Include="src\ds\data">
      <UniqueIdentifier>{82677205-5330-4559-96b4-57603391363c}</UniqueIdentifier>
    </Filter>
    <Filter Include="src\ds\query">
      <UniqueIdentifier>{1e476e57-00f3-49bd-896f-25d85401f019}</UniqueIdentifier>
    </Filter>
    <Filter Include="src\ds\query\sqlite">
      <UniqueIdentifier>{0d3cba12-8c92-4c1f-93c6-bdb8c8bde430}</UniqueIdentifier>
    </Filter>
    <Filter Include="src\ds\ui">
      <UniqueIdentifier>{d7b8e4dd-8239-48ad-bb6a-97dfd629e5ee}</UniqueIdentifier>
    </Filter>
    <Filter Include="src\ds\util">
      <UniqueIdentifier>{35cdee3e-bb96-4566-9838-ba11d4e2ed46}</UniqueIdentifier>
    </Filter>
    <Filter Include="src\ds\thread">
      <UniqueIdentifier>{b4621128-d54d-45b3-9b09-eff83bfa8402}</UniqueIdentifier>
    </Filter>
    <Filter Include="src\ds\config">
      <UniqueIdentifier>{56cec190-0e30-45b0-b3af-cb6310f5130c}</UniqueIdentifier>
    </Filter>
    <Filter Include="src\ds\params">
      <UniqueIdentifier>{211f71c8-e9c1-4fa5-87d6-c67cbf9b0195}</UniqueIdentifier>
    </Filter>
    <Filter Include="src\ds\ui\sprite">
      <UniqueIdentifier>{2ac10f37-fb39-4f7f-a22a-e86ab62d9163}</UniqueIdentifier>
    </Filter>
    <Filter Include="src\ds\ui\touch">
      <UniqueIdentifier>{6fa6067f-0336-4e7d-8406-1da97416e95d}</UniqueIdentifier>
    </Filter>
    <Filter Include="blocks">
      <UniqueIdentifier>{f15b674a-6660-4f54-aded-258e0acbdae2}</UniqueIdentifier>
    </Filter>
    <Filter Include="blocks\osc">
      <UniqueIdentifier>{67b00306-1537-48e6-b0b9-5b01df324518}</UniqueIdentifier>
    </Filter>
    <Filter Include="blocks\tuio">
      <UniqueIdentifier>{797d5636-a345-4fc7-8a3a-2e934d4d9afe}</UniqueIdentifier>
    </Filter>
    <Filter Include="blocks\tuio\include">
      <UniqueIdentifier>{87b48932-d918-41a2-b81b-e1035291f6d6}</UniqueIdentifier>
    </Filter>
    <Filter Include="blocks\tuio\src">
      <UniqueIdentifier>{afe9eb27-af5e-499f-8a15-c7f275640b37}</UniqueIdentifier>
    </Filter>
    <Filter Include="blocks\osc\include">
      <UniqueIdentifier>{4b0125fa-0db2-4110-b441-6ff21f995a2b}</UniqueIdentifier>
    </Filter>
    <Filter Include="blocks\osc\src">
      <UniqueIdentifier>{49a4cc56-68d0-49c5-b6fc-c43c839acc55}</UniqueIdentifier>
    </Filter>
    <Filter Include="src\ds\math">
      <UniqueIdentifier>{9fb4c09e-660e-4216-93c1-e3dd8ff0f9e0}</UniqueIdentifier>
    </Filter>
    <Filter Include="src\ds\ui\service">
      <UniqueIdentifier>{0ee8cb5c-b5a5-4e24-80b3-ae017220e214}</UniqueIdentifier>
    </Filter>
    <Filter Include="src\ds\network">
      <UniqueIdentifier>{20082a19-803d-48dd-bf2a-4b79b04506d7}</UniqueIdentifier>
    </Filter>
    <Filter Include="src\ds\ui\sprite\fbo">
      <UniqueIdentifier>{9005e0a6-9deb-47ef-a96d-2d1f531a4a68}</UniqueIdentifier>
    </Filter>
    <Filter Include="src\ds\ui\sprite\shader">
      <UniqueIdentifier>{ea37a132-bc5d-41e3-8741-e3f669b7df2e}</UniqueIdentifier>
    </Filter>
    <Filter Include="src\ds\ui\sprite\util">
      <UniqueIdentifier>{10e6bd0d-110c-4e59-a253-3c5b534efff4}</UniqueIdentifier>
    </Filter>
    <Filter Include="src\ds\ui\tweenline">
      <UniqueIdentifier>{75419866-dc29-488a-8391-9c329efd0d2d}</UniqueIdentifier>
    </Filter>
  </ItemGroup>
  <ItemGroup>
    <ClInclude Include="..\src\ds\app\app_defs.h">
      <Filter>src\ds\app</Filter>
    </ClInclude>
    <ClInclude Include="..\src\ds\app\engine.h">
      <Filter>src\ds\app</Filter>
    </ClInclude>
    <ClInclude Include="..\src\ds\app\environment.h">
      <Filter>src\ds\app</Filter>
    </ClInclude>
    <ClInclude Include="..\src\ds\data\resource.h">
      <Filter>src\ds\data</Filter>
    </ClInclude>
    <ClInclude Include="..\src\ds\debug\console.h">
      <Filter>src\ds\debug</Filter>
    </ClInclude>
    <ClInclude Include="..\src\ds\debug\debug_defines.h">
      <Filter>src\ds\debug</Filter>
    </ClInclude>
    <ClInclude Include="..\src\ds\query\sqlite\sqlite3.h">
      <Filter>src\ds\query\sqlite</Filter>
    </ClInclude>
    <ClInclude Include="..\src\ds\query\sqlite\sqlite3ext.h">
      <Filter>src\ds\query\sqlite</Filter>
    </ClInclude>
    <ClInclude Include="..\src\ds\query\query_client.h">
      <Filter>src\ds\query</Filter>
    </ClInclude>
    <ClInclude Include="..\src\ds\query\query_result.h">
      <Filter>src\ds\query</Filter>
    </ClInclude>
    <ClInclude Include="..\src\ds\query\query_result_builder.h">
      <Filter>src\ds\query</Filter>
    </ClInclude>
    <ClInclude Include="..\src\ds\query\query_talkback.h">
      <Filter>src\ds\query</Filter>
    </ClInclude>
    <ClInclude Include="..\src\ds\query\sql_database.h">
      <Filter>src\ds\query</Filter>
    </ClInclude>
    <ClInclude Include="..\src\ds\query\sql_query_result_builder.h">
      <Filter>src\ds\query</Filter>
    </ClInclude>
    <ClInclude Include="..\src\ds\thread\runnable_client.h">
      <Filter>src\ds\thread</Filter>
    </ClInclude>
    <ClInclude Include="..\src\ds\thread\thread_defs.h">
      <Filter>src\ds\thread</Filter>
    </ClInclude>
    <ClInclude Include="..\src\ds\thread\work_client.h">
      <Filter>src\ds\thread</Filter>
    </ClInclude>
    <ClInclude Include="..\src\ds\thread\work_manager.h">
      <Filter>src\ds\thread</Filter>
    </ClInclude>
    <ClInclude Include="..\src\ds\thread\work_request.h">
      <Filter>src\ds\thread</Filter>
    </ClInclude>
    <ClInclude Include="..\src\ds\thread\work_request_list.h">
      <Filter>src\ds\thread</Filter>
    </ClInclude>
    <ClInclude Include="..\src\ds\util\memory_ds.h">
      <Filter>src\ds\util</Filter>
    </ClInclude>
    <ClInclude Include="..\src\ds\util\string_util.h">
      <Filter>src\ds\util</Filter>
    </ClInclude>
    <ClInclude Include="..\src\ds\config\settings.h">
      <Filter>src\ds\config</Filter>
    </ClInclude>
    <ClInclude Include="..\src\ds\params\draw_params.h">
      <Filter>src\ds\params</Filter>
    </ClInclude>
    <ClInclude Include="..\src\ds\params\update_params.h">
      <Filter>src\ds\params</Filter>
    </ClInclude>
    <ClInclude Include="..\src\ds\ui\sprite\image.h">
      <Filter>src\ds\ui\sprite</Filter>
    </ClInclude>
    <ClInclude Include="..\src\ds\ui\sprite\sprite.h">
      <Filter>src\ds\ui\sprite</Filter>
    </ClInclude>
    <ClInclude Include="..\src\ds\ui\sprite\text.h">
      <Filter>src\ds\ui\sprite</Filter>
    </ClInclude>
    <ClInclude Include="..\src\ds\ui\sprite\video.h">
      <Filter>src\ds\ui\sprite</Filter>
    </ClInclude>
    <ClInclude Include="..\src\ds\ui\touch\touch_info.h">
      <Filter>src\ds\ui\touch</Filter>
    </ClInclude>
    <ClInclude Include="..\src\ds\ui\touch\touch_manager.h">
      <Filter>src\ds\ui\touch</Filter>
    </ClInclude>
    <ClInclude Include="..\src\ds\util\bit_mask.h">
      <Filter>src\ds\util</Filter>
    </ClInclude>
    <ClInclude Include="..\src\ds\math\math_defs.h">
      <Filter>src\ds\math</Filter>
    </ClInclude>
    <ClInclude Include="$(CINDER)\blocks\osc\include\OscArg.h">
      <Filter>blocks\osc\include</Filter>
    </ClInclude>
    <ClInclude Include="$(CINDER)\blocks\osc\include\OscBundle.h">
      <Filter>blocks\osc\include</Filter>
    </ClInclude>
    <ClInclude Include="$(CINDER)\blocks\osc\include\OscListener.h">
      <Filter>blocks\osc\include</Filter>
    </ClInclude>
    <ClInclude Include="$(CINDER)\blocks\osc\include\OscMessage.h">
      <Filter>blocks\osc\include</Filter>
    </ClInclude>
    <ClInclude Include="$(CINDER)\blocks\osc\include\OscSender.h">
      <Filter>blocks\osc\include</Filter>
    </ClInclude>
    <ClInclude Include="$(CINDER)\blocks\tuio\include\TuioClient.h">
      <Filter>blocks\tuio\include</Filter>
    </ClInclude>
    <ClInclude Include="$(CINDER)\blocks\tuio\include\TuioProfileBase.h">
      <Filter>blocks\tuio\include</Filter>
    </ClInclude>
    <ClInclude Include="$(CINDER)\blocks\tuio\include\TuioCursor.h">
      <Filter>blocks\tuio\include</Filter>
    </ClInclude>
    <ClInclude Include="$(CINDER)\blocks\tuio\include\TuioObject.h">
      <Filter>blocks\tuio\include</Filter>
    </ClInclude>
    <ClInclude Include="..\src\ds\app\app.h">
      <Filter>src\ds\app</Filter>
    </ClInclude>
    <ClInclude Include="..\src\ds\ui\touch\touch_process.h">
      <Filter>src\ds\ui\touch</Filter>
    </ClInclude>
    <ClInclude Include="..\src\ds\ui\touch\multi_touch_constraints.h">
      <Filter>src\ds\ui\touch</Filter>
    </ClInclude>
    <ClInclude Include="..\src\ds\ui\sprite\sprite_engine.h">
      <Filter>src\ds\ui\sprite</Filter>
    </ClInclude>
    <ClInclude Include="..\src\ds\app\engine_clientserver.h">
      <Filter>src\ds\app</Filter>
    </ClInclude>
    <ClInclude Include="..\src\ds\app\engine_settings.h">
      <Filter>src\ds\app</Filter>
    </ClInclude>
    <ClInclude Include="..\src\ds\app\engine_server.h">
      <Filter>src\ds\app</Filter>
    </ClInclude>
    <ClInclude Include="..\src\ds\ui\service\load_image_service.h">
      <Filter>src\ds\ui\service</Filter>
    </ClInclude>
    <ClInclude Include="..\src\ds\thread\gl_thread.h">
      <Filter>src\ds\thread</Filter>
    </ClInclude>
    <ClInclude Include="..\src\ds\debug\logger.h">
      <Filter>src\ds\debug</Filter>
    </ClInclude>
    <ClInclude Include="..\src\ds\math\math_func.h">
      <Filter>src\ds\math</Filter>
    </ClInclude>
    <ClInclude Include="..\src\ds\math\random.h">
      <Filter>src\ds\math</Filter>
    </ClInclude>
    <ClInclude Include="..\src\ds\util\file_name_parser.h">
      <Filter>src\ds\util</Filter>
    </ClInclude>
    <ClInclude Include="..\src\ds\data\resource_list.h">
      <Filter>src\ds\data</Filter>
    </ClInclude>
    <ClInclude Include="..\src\ds\app\engine_client.h">
      <Filter>src\ds\app</Filter>
    </ClInclude>
    <ClInclude Include="..\src\ds\ui\touch\drag_destination_info.h">
      <Filter>src\ds\ui\touch</Filter>
    </ClInclude>
    <ClInclude Include="..\src\ds\ui\sprite\dirty_state.h">
      <Filter>src\ds\ui\sprite</Filter>
    </ClInclude>
    <ClInclude Include="..\src\ds\data\data_buffer.h">
      <Filter>src\ds\data</Filter>
    </ClInclude>
    <ClInclude Include="..\src\ds\data\read_write_buffer.h">
      <Filter>src\ds\data</Filter>
    </ClInclude>
    <ClInclude Include="..\src\ds\debug\computer_info.h">
      <Filter>src\ds\debug</Filter>
    </ClInclude>
    <ClInclude Include="..\src\ds\app\blob_registry.h">
      <Filter>src\ds\app</Filter>
    </ClInclude>
    <ClInclude Include="..\src\ds\app\blob_reader.h">
      <Filter>src\ds\app</Filter>
    </ClInclude>
    <ClInclude Include="..\src\ds\network\zmq_connection.h">
      <Filter>src\ds\network</Filter>
    </ClInclude>
    <ClInclude Include="..\src\ds\data\raw_data_buffer.h">
      <Filter>src\ds\data</Filter>
    </ClInclude>
    <ClInclude Include="..\src\ds\ui\sprite\fbo\fbo.h">
      <Filter>src\ds\ui\sprite\fbo</Filter>
    </ClInclude>
    <ClInclude Include="..\src\ds\ui\sprite\shader\sprite_shader.h">
      <Filter>src\ds\ui\sprite\shader</Filter>
    </ClInclude>
    <ClInclude Include="..\src\ds\ui\sprite\util\blend.h">
      <Filter>src\ds\ui\sprite\util</Filter>
    </ClInclude>
    <ClInclude Include="..\src\ds\ui\sprite\util\clip_plane.h">
      <Filter>src\ds\ui\sprite\util</Filter>
    </ClInclude>
    <ClInclude Include="..\src\ds\ui\tween\tweenline.h">
      <Filter>src\ds\ui\tweenline</Filter>
    </ClInclude>
    <ClInclude Include="..\src\ds\ui\tween\sprite_anim.h">
      <Filter>src\ds\ui\tweenline</Filter>
    </ClInclude>
    <ClInclude Include="..\src\ds\ui\sprite\text_layout.h">
      <Filter>src\ds\ui\sprite</Filter>
    </ClInclude>
    <ClInclude Include="..\src\ds\util\notifier.h">
      <Filter>src\ds\util</Filter>
    </ClInclude>
    <ClInclude Include="..\src\ds\network\http_client.h">
      <Filter>src\ds\network</Filter>
    </ClInclude>
    <ClInclude Include="..\src\ds\thread\timed_runnable.h">
      <Filter>src\ds\query</Filter>
    </ClInclude>
    <ClInclude Include="..\src\ds\util\idle_timer.h">
      <Filter>src\ds\util</Filter>
    </ClInclude>
    <ClInclude Include="..\src\ds\ui\touch\tap_info.h">
      <Filter>src\ds\ui\touch</Filter>
    </ClInclude>
    <ClInclude Include="..\src\ds\ui\sprite\multiline_text.h">
      <Filter>src\ds\ui\sprite</Filter>
    </ClInclude>
  </ItemGroup>
  <ItemGroup>
    <ClCompile Include="..\src\ds\app\engine.cpp">
      <Filter>src\ds\app</Filter>
    </ClCompile>
    <ClCompile Include="..\src\ds\app\environment.cpp">
      <Filter>src\ds\app</Filter>
    </ClCompile>
    <ClCompile Include="..\src\ds\data\resource.cpp">
      <Filter>src\ds\data</Filter>
    </ClCompile>
    <ClCompile Include="..\src\ds\query\sqlite\sqlite3.c">
      <Filter>src\ds\query\sqlite</Filter>
    </ClCompile>
    <ClCompile Include="..\src\ds\query\query_client.cpp">
      <Filter>src\ds\query</Filter>
    </ClCompile>
    <ClCompile Include="..\src\ds\query\query_result.cpp">
      <Filter>src\ds\query</Filter>
    </ClCompile>
    <ClCompile Include="..\src\ds\query\query_result_builder.cpp">
      <Filter>src\ds\query</Filter>
    </ClCompile>
    <ClCompile Include="..\src\ds\query\sql_database.cpp">
      <Filter>src\ds\query</Filter>
    </ClCompile>
    <ClCompile Include="..\src\ds\query\sql_query_result_builder.cpp">
      <Filter>src\ds\query</Filter>
    </ClCompile>
    <ClCompile Include="..\src\ds\thread\runnable_client.cpp">
      <Filter>src\ds\thread</Filter>
    </ClCompile>
    <ClCompile Include="..\src\ds\thread\work_client.cpp">
      <Filter>src\ds\thread</Filter>
    </ClCompile>
    <ClCompile Include="..\src\ds\thread\work_manager.cpp">
      <Filter>src\ds\thread</Filter>
    </ClCompile>
    <ClCompile Include="..\src\ds\thread\work_request.cpp">
      <Filter>src\ds\thread</Filter>
    </ClCompile>
    <ClCompile Include="..\src\ds\util\string_util.cpp">
      <Filter>src\ds\util</Filter>
    </ClCompile>
    <ClCompile Include="..\src\ds\config\settings.cpp">
      <Filter>src\ds\config</Filter>
    </ClCompile>
    <ClCompile Include="..\src\ds\params\draw_params.cpp">
      <Filter>src\ds\params</Filter>
    </ClCompile>
    <ClCompile Include="..\src\ds\params\update_params.cpp">
      <Filter>src\ds\params</Filter>
    </ClCompile>
    <ClCompile Include="..\src\ds\ui\sprite\image.cpp">
      <Filter>src\ds\ui\sprite</Filter>
    </ClCompile>
    <ClCompile Include="..\src\ds\ui\sprite\sprite.cpp">
      <Filter>src\ds\ui\sprite</Filter>
    </ClCompile>
    <ClCompile Include="..\src\ds\ui\sprite\text.cpp">
      <Filter>src\ds\ui\sprite</Filter>
    </ClCompile>
    <ClCompile Include="..\src\ds\ui\sprite\video.cpp">
      <Filter>src\ds\ui\sprite</Filter>
    </ClCompile>
    <ClCompile Include="..\src\ds\ui\touch\touch_manager.cpp">
      <Filter>src\ds\ui\touch</Filter>
    </ClCompile>
    <ClCompile Include="..\src\ds\util\bit_mask.cpp">
      <Filter>src\ds\util</Filter>
    </ClCompile>
    <ClCompile Include="$(CINDER)\blocks\osc\src\OscBundle.cpp">
      <Filter>blocks\osc\src</Filter>
    </ClCompile>
    <ClCompile Include="$(CINDER)\blocks\osc\src\OscSender.cpp">
      <Filter>blocks\osc\src</Filter>
    </ClCompile>
    <ClCompile Include="$(CINDER)\blocks\osc\src\OscListener.cpp">
      <Filter>blocks\osc\src</Filter>
    </ClCompile>
    <ClCompile Include="$(CINDER)\blocks\osc\src\OscMessage.cpp">
      <Filter>blocks\osc\src</Filter>
    </ClCompile>
    <ClCompile Include="$(CINDER)\blocks\tuio\src\TuioClient.cpp">
      <Filter>blocks\tuio\src</Filter>
    </ClCompile>
    <ClCompile Include="..\src\ds\app\app.cpp">
      <Filter>src\ds\app</Filter>
    </ClCompile>
    <ClCompile Include="..\src\ds\app\engine_clientserver.cpp">
      <Filter>src\ds\app</Filter>
    </ClCompile>
    <ClCompile Include="..\src\ds\app\engine_settings.cpp">
      <Filter>src\ds\app</Filter>
    </ClCompile>
    <ClCompile Include="..\src\ds\ui\touch\touch_process.cpp">
      <Filter>src\ds\ui\touch</Filter>
    </ClCompile>
    <ClCompile Include="..\src\ds\ui\touch\multi_touch_constraints.cpp">
      <Filter>src\ds\ui\touch</Filter>
    </ClCompile>
    <ClCompile Include="..\src\ds\app\engine_server.cpp">
      <Filter>src\ds\app</Filter>
    </ClCompile>
    <ClCompile Include="..\src\ds\thread\gl_thread.cpp">
      <Filter>src\ds\thread</Filter>
    </ClCompile>
    <ClCompile Include="..\src\ds\debug\logger.cpp">
      <Filter>src\ds\debug</Filter>
    </ClCompile>
    <ClCompile Include="..\src\ds\debug\debug_defines.cpp">
      <Filter>src\ds\debug</Filter>
    </ClCompile>
    <ClCompile Include="..\src\ds\ui\service\load_image_service.cpp">
      <Filter>src\ds\ui\service</Filter>
    </ClCompile>
    <ClCompile Include="..\src\ds\math\math_func.cpp">
      <Filter>src\ds\math</Filter>
    </ClCompile>
    <ClCompile Include="..\src\ds\util\file_name_parser.cpp">
      <Filter>src\ds\util</Filter>
    </ClCompile>
    <ClCompile Include="..\src\ds\data\resource_list.cpp">
      <Filter>src\ds\data</Filter>
    </ClCompile>
    <ClCompile Include="..\src\ds\app\engine_client.cpp">
      <Filter>src\ds\app</Filter>
    </ClCompile>
    <ClCompile Include="..\src\ds\ui\sprite\sprite_engine.cpp">
      <Filter>src\ds\ui\sprite</Filter>
    </ClCompile>
    <ClCompile Include="..\src\ds\ui\sprite\dirty_state.cpp">
      <Filter>src\ds\ui\sprite</Filter>
    </ClCompile>
    <ClCompile Include="..\src\ds\data\data_buffer.cpp">
      <Filter>src\ds\data</Filter>
    </ClCompile>
    <ClCompile Include="..\src\ds\data\read_write_buffer.cpp">
      <Filter>src\ds\data</Filter>
    </ClCompile>
    <ClCompile Include="..\src\ds\debug\computer_info.cpp">
      <Filter>src\ds\debug</Filter>
    </ClCompile>
    <ClCompile Include="..\src\ds\app\blob_registry.cpp">
      <Filter>src\ds\app</Filter>
    </ClCompile>
    <ClCompile Include="..\src\ds\app\blob_reader.cpp">
      <Filter>src\ds\app</Filter>
    </ClCompile>
    <ClCompile Include="..\src\ds\network\zmq_connection.cpp">
      <Filter>src\ds\network</Filter>
    </ClCompile>
    <ClCompile Include="..\src\ds\data\raw_data_buffer.cpp">
      <Filter>src\ds\data</Filter>
    </ClCompile>
    <ClCompile Include="..\src\ds\ui\sprite\fbo\fbo.cpp">
      <Filter>src\ds\ui\sprite\fbo</Filter>
    </ClCompile>
    <ClCompile Include="..\src\ds\ui\sprite\shader\sprite_shader.cpp">
      <Filter>src\ds\ui\sprite\shader</Filter>
    </ClCompile>
    <ClCompile Include="..\src\ds\ui\sprite\util\blend.cpp">
      <Filter>src\ds\ui\sprite\util</Filter>
    </ClCompile>
    <ClCompile Include="..\src\ds\ui\sprite\util\clip_plane.cpp">
      <Filter>src\ds\ui\sprite\util</Filter>
    </ClCompile>
    <ClCompile Include="..\src\ds\ui\tween\tweenline.cpp">
      <Filter>src\ds\ui\tweenline</Filter>
    </ClCompile>
    <ClCompile Include="..\src\ds\ui\tween\sprite_anim.cpp">
      <Filter>src\ds\ui\tweenline</Filter>
    </ClCompile>
    <ClCompile Include="..\src\ds\ui\sprite\text_layout.cpp">
      <Filter>src\ds\ui\sprite</Filter>
    </ClCompile>
    <ClCompile Include="..\src\ds\network\http_client.cpp">
      <Filter>src\ds\network</Filter>
    </ClCompile>
    <ClCompile Include="..\src\ds\util\idle_timer.cpp">
      <Filter>src\ds\util</Filter>
    </ClCompile>
    <ClCompile Include="..\src\ds\ui\sprite\multiline_text.cpp">
      <Filter>src\ds\ui\sprite</Filter>
    </ClCompile>
  </ItemGroup>
</Project>