<?xml version="1.0" encoding="utf-8"?>
<Project ToolsVersion="4.0" xmlns="http://schemas.microsoft.com/developer/msbuild/2003">
  <ItemGroup>
    <Filter Include="src">
      <UniqueIdentifier>{a0ed5fcc-581b-4b7b-aef5-e80934580b0d}</UniqueIdentifier>
    </Filter>
    <Filter Include="src\ds">
      <UniqueIdentifier>{9e470267-f71f-4538-872c-588a203ea64a}</UniqueIdentifier>
    </Filter>
    <Filter Include="src\ds\physics">
      <UniqueIdentifier>{c6ab769a-037d-4810-8c07-b898a2b352b5}</UniqueIdentifier>
    </Filter>
    <Filter Include="src\private">
      <UniqueIdentifier>{7e473505-1020-4a31-9dbc-62f6ba25032a}</UniqueIdentifier>
    </Filter>
  </ItemGroup>
  <ItemGroup>
    <ClInclude Include="src\ds\physics\sprite_body.h">
      <Filter>src\ds\physics</Filter>
    </ClInclude>
    <ClInclude Include="src\ds\physics\body_builder.h">
      <Filter>src\ds\physics</Filter>
    </ClInclude>
    <ClInclude Include="src\private\world.h">
      <Filter>src\private</Filter>
    </ClInclude>
    <ClInclude Include="src\private\contact_listener.h">
      <Filter>src\private</Filter>
    </ClInclude>
    <ClInclude Include="src\ds\physics\collision.h">
      <Filter>src\ds\physics</Filter>
    </ClInclude>
    <ClInclude Include="src\private\contact_key.h">
      <Filter>src\private</Filter>
    </ClInclude>
    <ClInclude Include="src\private\service.h">
      <Filter>src\private</Filter>
    </ClInclude>
    <ClInclude Include="src\ds\physics\sprite_world.h">
      <Filter>src\ds\physics</Filter>
    </ClInclude>
    <ClInclude Include="src\private\touch.h">
      <Filter>src\private</Filter>
    </ClInclude>
  </ItemGroup>
  <ItemGroup>
    <ClCompile Include="src\ds\physics\sprite_body.cpp">
      <Filter>src\ds\physics</Filter>
    </ClCompile>
    <ClCompile Include="src\ds\physics\body_builder.cpp">
      <Filter>src\ds\physics</Filter>
    </ClCompile>
    <ClCompile Include="src\private\world.cpp">
      <Filter>src\private</Filter>
    </ClCompile>
    <ClCompile Include="src\private\contact_listener.cpp">
      <Filter>src\private</Filter>
    </ClCompile>
    <ClCompile Include="src\ds\physics\collision.cpp">
      <Filter>src\ds\physics</Filter>
    </ClCompile>
    <ClCompile Include="src\private\contact_key.cpp">
      <Filter>src\private</Filter>
    </ClCompile>
    <ClCompile Include="src\private\service.cpp">
      <Filter>src\private</Filter>
    </ClCompile>
    <ClCompile Include="src\ds\physics\sprite_world.cpp">
      <Filter>src\ds\physics</Filter>
    </ClCompile>
    <ClCompile Include="src\private\touch.cpp">
      <Filter>src\private</Filter>
    </ClCompile>
  </ItemGroup>
</Project>