<?xml version="1.0" encoding="utf-8"?>
<Project ToolsVersion="4.0" xmlns="http://schemas.microsoft.com/developer/msbuild/2003">
  <ItemGroup>
    <ClCompile Include="..\src\yaml_importer_app.cpp" />
    <ClCompile Include="..\src\model\model_model.cpp">
      <Filter>model</Filter>
    </ClCompile>
    <ClCompile Include="..\src\service\yaml_load_service.cpp">
      <Filter>service</Filter>
    </ClCompile>
    <ClCompile Include="..\src\model\sample_model.cpp">
      <Filter>model</Filter>
    </ClCompile>
    <ClCompile Include="..\src\service\model_maker.cpp">
      <Filter>service</Filter>
    </ClCompile>
  </ItemGroup>
  <ItemGroup>
    <ClInclude Include="..\src\model\model_model.h">
      <Filter>model</Filter>
    </ClInclude>
    <ClInclude Include="..\src\service\yaml_load_service.h">
      <Filter>service</Filter>
    </ClInclude>
    <ClInclude Include="..\src\model\sample_model.h">
      <Filter>model</Filter>
    </ClInclude>
    <ClInclude Include="..\src\service\model_maker.h">
      <Filter>service</Filter>
    </ClInclude>
  </ItemGroup>
  <ItemGroup>
    <ResourceCompile Include="Resources.rc" />
    <ResourceCompile Include="$(DS_PLATFORM_086)\vs2013\FrameworkResources.rc" />
  </ItemGroup>
  <ItemGroup>
    <Filter Include="model">
      <UniqueIdentifier>{7217d4ac-deee-4b8c-b3bc-a61aa5931e07}</UniqueIdentifier>
    </Filter>
    <Filter Include="service">
      <UniqueIdentifier>{f5a4639f-534f-427b-af4a-3de64120a4be}</UniqueIdentifier>
    </Filter>
    <Filter Include="generated">
      <UniqueIdentifier>{3532bf39-edeb-42b0-9701-16e08a95113a}</UniqueIdentifier>
    </Filter>
  </ItemGroup>
</Project>