<?xml version="1.0" encoding="utf-8"?>
<Project ToolsVersion="4.0" xmlns="http://schemas.microsoft.com/developer/msbuild/2003">
  <ItemGroup>
    <Filter Include="src">
      <UniqueIdentifier>{c6487098-2eaf-493d-ada3-1025bb854738}</UniqueIdentifier>
    </Filter>
    <Filter Include="src\ds">
      <UniqueIdentifier>{2271294b-f892-45e7-96c6-c38a347ec8be}</UniqueIdentifier>
    </Filter>
    <Filter Include="src\ds\ui">
      <UniqueIdentifier>{105dfbf8-441c-452f-a230-43a12ca874f9}</UniqueIdentifier>
    </Filter>
    <Filter Include="src\ds\ui\sprite">
      <UniqueIdentifier>{7035895f-5756-4b2e-ba21-ac6ad7bf4646}</UniqueIdentifier>
    </Filter>
    <Filter Include="src\ds\debug">
      <UniqueIdentifier>{614a484e-f3b2-4cf3-b620-364d9c79768e}</UniqueIdentifier>
    </Filter>
    <Filter Include="src\ds\debug\automator">
      <UniqueIdentifier>{70d4b1ae-c46c-4e5c-aa1e-2960e7a748d4}</UniqueIdentifier>
    </Filter>
    <Filter Include="src\ds\debug\automator\actions">
      <UniqueIdentifier>{37c45674-f0db-41af-a690-16d479dcffc4}</UniqueIdentifier>
    </Filter>
    <Filter Include="src\ds\ui\interface_xml">
      <UniqueIdentifier>{4ef0ddea-47c5-41b1-a726-039d9baa7560}</UniqueIdentifier>
    </Filter>
    <Filter Include="src\ds\ui\button">
      <UniqueIdentifier>{61cae238-1a76-4498-a57f-7da0bc32075e}</UniqueIdentifier>
    </Filter>
    <Filter Include="src\ds\touch">
      <UniqueIdentifier>{6ab169de-3b25-4751-8241-426e54959e13}</UniqueIdentifier>
    </Filter>
    <Filter Include="src\ds\ui\scroll">
      <UniqueIdentifier>{c1a8659d-b10a-4817-a1ae-f2229b81bae6}</UniqueIdentifier>
    </Filter>
    <Filter Include="src\ds\ui\util">
      <UniqueIdentifier>{509ed608-4269-4952-abb2-195b290af1be}</UniqueIdentifier>
    </Filter>
    <Filter Include="src\ds\network">
      <UniqueIdentifier>{11f3c3d1-dc4f-457f-8771-d30d01e73643}</UniqueIdentifier>
    </Filter>
    <Filter Include="src\ds\network\helper">
      <UniqueIdentifier>{f3fdef8a-eaa7-4dbe-80c4-ee9f6cc1ced2}</UniqueIdentifier>
    </Filter>
    <Filter Include="src\ds\ui\soft_keyboard">
      <UniqueIdentifier>{6baae140-9c0e-4cb9-9e49-4e0aea6f86f7}</UniqueIdentifier>
    </Filter>
    <Filter Include="src\ds\network\curl">
      <UniqueIdentifier>{aaf412cb-2aed-400d-b090-67fe8bf7e762}</UniqueIdentifier>
    </Filter>
    <Filter Include="src\ds\query">
      <UniqueIdentifier>{8d39ee5c-0b15-42a8-ae73-996996c88c49}</UniqueIdentifier>
    </Filter>
    <Filter Include="src\ds\query\content">
      <UniqueIdentifier>{192d763d-e381-4e1f-b44f-ee514bfcd3fa}</UniqueIdentifier>
    </Filter>
    <Filter Include="src\ds\ui\menu">
      <UniqueIdentifier>{61ad51bb-dfaf-4cae-97ed-0f41b0ca7bd0}</UniqueIdentifier>
    </Filter>
    <Filter Include="src\ds\ui\menu\component">
      <UniqueIdentifier>{866ea136-fca0-4139-a7b9-1d4812ab171c}</UniqueIdentifier>
    </Filter>
    <Filter Include="src\ds\ui\drawing">
      <UniqueIdentifier>{0daa2cd3-cc8f-42cf-bcab-7465c71d6798}</UniqueIdentifier>
    </Filter>
    <Filter Include="src\ds\ui\control">
      <UniqueIdentifier>{27aa7365-59b9-455f-96e6-3915c4fce6b2}</UniqueIdentifier>
    </Filter>
    <Filter Include="src\ds\ui\layout">
      <UniqueIdentifier>{4573d40e-cf70-4452-a66a-0d042211e60c}</UniqueIdentifier>
    </Filter>
  </ItemGroup>
  <ItemGroup>
    <ClCompile Include="src\ds\debug\automator\automator.cpp">
      <Filter>src\ds\debug\automator</Filter>
    </ClCompile>
    <ClCompile Include="src\ds\debug\automator\actions\multifinger_tap_action.cpp">
      <Filter>src\ds\debug\automator\actions</Filter>
    </ClCompile>
    <ClCompile Include="src\ds\debug\automator\actions\tap_action.cpp">
      <Filter>src\ds\debug\automator\actions</Filter>
    </ClCompile>
    <ClCompile Include="src\ds\debug\automator\actions\base_action.cpp">
      <Filter>src\ds\debug\automator\actions</Filter>
    </ClCompile>
    <ClCompile Include="src\ds\debug\automator\actions\drag_action.cpp">
      <Filter>src\ds\debug\automator\actions</Filter>
    </ClCompile>
    <ClCompile Include="src\ds\debug\automator\actions\callback_action.cpp">
      <Filter>src\ds\debug\automator\actions</Filter>
    </ClCompile>
    <ClCompile Include="src\ds\ui\sprite\png_sequence_sprite.cpp">
      <Filter>src\ds\ui\sprite</Filter>
    </ClCompile>
    <ClCompile Include="src\ds\ui\interface_xml\stylesheet_parser.cpp">
      <Filter>src\ds\ui\interface_xml</Filter>
    </ClCompile>
    <ClCompile Include="src\ds\ui\interface_xml\interface_xml_importer.cpp">
      <Filter>src\ds\ui\interface_xml</Filter>
    </ClCompile>
    <ClCompile Include="src\ds\touch\five_finger_cluster.cpp">
      <Filter>src\ds\touch</Filter>
    </ClCompile>
    <ClCompile Include="src\ds\touch\delayed_momentum.cpp">
      <Filter>src\ds\touch</Filter>
    </ClCompile>
    <ClCompile Include="src\ds\ui\scroll\scroll_area.cpp">
      <Filter>src\ds\ui\scroll</Filter>
    </ClCompile>
    <ClCompile Include="src\ds\ui\scroll\scroll_list.cpp">
      <Filter>src\ds\ui\scroll</Filter>
    </ClCompile>
    <ClCompile Include="src\ds\touch\view_dragger.cpp">
      <Filter>src\ds\touch</Filter>
    </ClCompile>
    <ClCompile Include="src\ds\ui\menu\touch_menu.cpp">
      <Filter>src\ds\ui\menu</Filter>
    </ClCompile>
    <ClCompile Include="src\ds\ui\menu\component\cluster_view.cpp">
      <Filter>src\ds\ui\menu\component</Filter>
    </ClCompile>
    <ClCompile Include="src\ds\ui\menu\component\menu_item.cpp">
      <Filter>src\ds\ui\menu\component</Filter>
    </ClCompile>
    <ClCompile Include="src\ds\touch\touch_debug.cpp">
      <Filter>src\ds\touch</Filter>
    </ClCompile>
    <ClCompile Include="src\ds\network\helper\delayed_node_watcher.cpp">
      <Filter>src\ds\network\helper</Filter>
    </ClCompile>
    <ClCompile Include="src\ds\ui\scroll\scroll_bar.cpp">
      <Filter>src\ds\ui\scroll</Filter>
    </ClCompile>
    <ClCompile Include="src\ds\network\https_client.cpp">
      <Filter>src\ds\network</Filter>
    </ClCompile>
    <ClCompile Include="src\ds\query\content\generic_content_model.cpp">
      <Filter>src\ds\query\content</Filter>
    </ClCompile>
    <ClCompile Include="src\ds\query\content\xml_content_loader.cpp">
      <Filter>src\ds\query\content</Filter>
    </ClCompile>
    <ClCompile Include="src\ds\ui\scroll\centered_scroll_area.cpp">
      <Filter>src\ds\ui\scroll</Filter>
    </ClCompile>
    <ClCompile Include="src\ds\ui\scroll\infinity_scroll_list.cpp">
      <Filter>src\ds\ui\scroll</Filter>
    </ClCompile>
    <ClCompile Include="src\ds\ui\drawing\drawing_canvas.cpp">
      <Filter>src\ds\ui\drawing</Filter>
    </ClCompile>
    <ClCompile Include="src\ds\network\smtp_request.cpp">
      <Filter>src\ds\network</Filter>
    </ClCompile>
    <ClCompile Include="..\..\src\stdafx.cpp">
      <Filter>src</Filter>
    </ClCompile>
    <ClCompile Include="src\ds\ui\layout\smart_layout.cpp">
      <Filter>src\ds\ui\layout</Filter>
    </ClCompile>
    <ClCompile Include="src\ds\ui\sprite\dashed_line.cpp">
      <Filter>src\ds\ui\sprite</Filter>
    </ClCompile>
    <ClCompile Include="src\ds\ui\sprite\donut_arc.cpp">
      <Filter>src\ds\ui\sprite</Filter>
    </ClCompile>
  </ItemGroup>
  <ItemGroup>
    <ClInclude Include="src\ds\debug\automator\automator.h">
      <Filter>src\ds\debug\automator</Filter>
    </ClInclude>
    <ClInclude Include="src\ds\debug\automator\actions\drag_action.h">
      <Filter>src\ds\debug\automator\actions</Filter>
    </ClInclude>
    <ClInclude Include="src\ds\debug\automator\actions\multifinger_tap_action.h">
      <Filter>src\ds\debug\automator\actions</Filter>
    </ClInclude>
    <ClInclude Include="src\ds\debug\automator\actions\tap_action.h">
      <Filter>src\ds\debug\automator\actions</Filter>
    </ClInclude>
    <ClInclude Include="src\ds\debug\automator\actions\base_action.h">
      <Filter>src\ds\debug\automator\actions</Filter>
    </ClInclude>
    <ClInclude Include="src\ds\debug\automator\actions\callback_action.h">
      <Filter>src\ds\debug\automator\actions</Filter>
    </ClInclude>
    <ClInclude Include="src\ds\ui\sprite\png_sequence_sprite.h">
      <Filter>src\ds\ui\sprite</Filter>
    </ClInclude>
    <ClInclude Include="src\ds\ui\interface_xml\interface_xml_importer.h">
      <Filter>src\ds\ui\interface_xml</Filter>
    </ClInclude>
    <ClInclude Include="src\ds\ui\interface_xml\stylesheet_parser.h">
      <Filter>src\ds\ui\interface_xml</Filter>
    </ClInclude>
    <ClInclude Include="src\ds\touch\five_finger_cluster.h">
      <Filter>src\ds\touch</Filter>
    </ClInclude>
    <ClInclude Include="src\ds\touch\delayed_momentum.h">
      <Filter>src\ds\touch</Filter>
    </ClInclude>
    <ClInclude Include="src\ds\ui\scroll\scroll_area.h">
      <Filter>src\ds\ui\scroll</Filter>
    </ClInclude>
    <ClInclude Include="src\ds\ui\scroll\scroll_list.h">
      <Filter>src\ds\ui\scroll</Filter>
    </ClInclude>
    <ClInclude Include="src\ds\ui\util\sprite_cache.h">
      <Filter>src\ds\ui\util</Filter>
    </ClInclude>
    <ClInclude Include="src\ds\touch\view_dragger.h">
      <Filter>src\ds\touch</Filter>
    </ClInclude>
    <ClInclude Include="src\ds\ui\menu\touch_menu.h">
      <Filter>src\ds\ui\menu</Filter>
    </ClInclude>
    <ClInclude Include="src\ds\ui\menu\component\cluster_view.h">
      <Filter>src\ds\ui\menu\component</Filter>
    </ClInclude>
    <ClInclude Include="src\ds\ui\menu\component\menu_item.h">
      <Filter>src\ds\ui\menu\component</Filter>
    </ClInclude>
    <ClInclude Include="src\ds\touch\touch_debug.h">
      <Filter>src\ds\touch</Filter>
    </ClInclude>
    <ClInclude Include="src\ds\network\helper\delayed_node_watcher.h">
      <Filter>src\ds\network\helper</Filter>
    </ClInclude>
    <ClInclude Include="src\ds\ui\util\ui_utils.h">
      <Filter>src\ds\ui\util</Filter>
    </ClInclude>
    <ClInclude Include="src\ds\ui\scroll\scroll_bar.h">
      <Filter>src\ds\ui\scroll</Filter>
    </ClInclude>
    <ClInclude Include="src\ds\network\curl\curl.h">
      <Filter>src\ds\network\curl</Filter>
    </ClInclude>
    <ClInclude Include="src\ds\network\curl\curlver.h">
      <Filter>src\ds\network\curl</Filter>
    </ClInclude>
    <ClInclude Include="src\ds\network\curl\easy.h">
      <Filter>src\ds\network\curl</Filter>
    </ClInclude>
    <ClInclude Include="src\ds\network\https_client.h">
      <Filter>src\ds\network</Filter>
    </ClInclude>
    <ClInclude Include="src\ds\network\curl\mprintf.h">
      <Filter>src\ds\network\curl</Filter>
    </ClInclude>
    <ClInclude Include="src\ds\network\curl\multi.h">
      <Filter>src\ds\network\curl</Filter>
    </ClInclude>
    <ClInclude Include="src\ds\network\curl\stdcheaders.h">
      <Filter>src\ds\network\curl</Filter>
    </ClInclude>
    <ClInclude Include="src\ds\network\curl\typecheck-gcc.h">
      <Filter>src\ds\network\curl</Filter>
    </ClInclude>
    <ClInclude Include="src\ds\query\content\xml_content_loader.h">
      <Filter>src\ds\query\content</Filter>
    </ClInclude>
    <ClInclude Include="src\ds\query\content\generic_content_model.h">
      <Filter>src\ds\query\content</Filter>
    </ClInclude>
    <ClInclude Include="src\ds\ui\scroll\centered_scroll_area.h">
      <Filter>src\ds\ui\scroll</Filter>
    </ClInclude>
    <ClInclude Include="src\ds\ui\scroll\infinity_scroll_list.h">
      <Filter>src\ds\ui\scroll</Filter>
    </ClInclude>
    <ClInclude Include="src\ds\ui\drawing\drawing_canvas.h">
      <Filter>src\ds\ui\drawing</Filter>
    </ClInclude>
    <ClInclude Include="src\ds\network\smtp_request.h">
      <Filter>src\ds\network</Filter>
    </ClInclude>
    <ClInclude Include="..\..\src\stdafx.h">
      <Filter>src</Filter>
    </ClInclude>
    <ClInclude Include="src\ds\ui\layout\smart_layout.h">
      <Filter>src\ds\ui\layout</Filter>
    </ClInclude>
    <ClInclude Include="src\ds\ui\layout\smart_layout.h" />
    <ClInclude Include="src\ds\ui\sprite\donut_arc.h">
      <Filter>src\ds\ui\sprite</Filter>
    </ClInclude>
    <ClInclude Include="src\ds\ui\sprite\dashed_line.h">
      <Filter>src\ds\ui\sprite</Filter>
    </ClInclude>
  </ItemGroup>
</Project>