Microsoft Visual Studio Solution File, Format Version 12.00
# Visual Studio 2013
VisualStudioVersion = 12.0.40629.0
MinimumVisualStudioVersion = 10.0.40219.1
Project("{8BC9CEB8-8B4A-11D0-8D11-00A0C91BC942}") = "media_tester", "media_tester.vcxproj", "{F836C3BE-11C1-4505-BB16-0CC8A91C14AE}"
	ProjectSection(ProjectDependencies) = postProject
		{BA6D6227-5B3F-4967-B005-1A9573FF6A69} = {BA6D6227-5B3F-4967-B005-1A9573FF6A69}
		{80CC472C-E968-46A3-B770-93615FF1A70B} = {80CC472C-E968-46A3-B770-93615FF1A70B}
		{EDC54D75-EC44-4587-8A0F-141FA45CE652} = {EDC54D75-EC44-4587-8A0F-141FA45CE652}
		{B6E770B8-6ECC-478B-AB10-F6B01F65B433} = {B6E770B8-6ECC-478B-AB10-F6B01F65B433}
		{FDE518C6-AFB7-4400-B252-82C978DE7D82} = {FDE518C6-AFB7-4400-B252-82C978DE7D82}
		{D66469E5-B8D3-4356-A386-C7C54306B6DC} = {D66469E5-B8D3-4356-A386-C7C54306B6DC}
	EndProjectSection
EndProject
Project("{8BC9CEB8-8B4A-11D0-8D11-00A0C91BC942}") = "platform", "%DS_PLATFORM_086%\vs2013\platform.vcxproj", "{D66469E5-B8D3-4356-A386-C7C54306B6DC}"
EndProject
Project("{8BC9CEB8-8B4A-11D0-8D11-00A0C91BC942}") = "physics", "%DS_PLATFORM_086%\projects\physics\box2d\physics.vcxproj", "{B6E770B8-6ECC-478B-AB10-F6B01F65B433}"
	ProjectSection(ProjectDependencies) = postProject
		{D66469E5-B8D3-4356-A386-C7C54306B6DC} = {D66469E5-B8D3-4356-A386-C7C54306B6DC}
	EndProjectSection
EndProject
Project("{8BC9CEB8-8B4A-11D0-8D11-00A0C91BC942}") = "web", "%DS_PLATFORM_086%\projects\web\awesomium\web.vcxproj", "{FDE518C6-AFB7-4400-B252-82C978DE7D82}"
	ProjectSection(ProjectDependencies) = postProject
		{D66469E5-B8D3-4356-A386-C7C54306B6DC} = {D66469E5-B8D3-4356-A386-C7C54306B6DC}
	EndProjectSection
EndProject
Project("{8BC9CEB8-8B4A-11D0-8D11-00A0C91BC942}") = "essentials", "%DS_PLATFORM_086%\projects\essentials\essentials.vcxproj", "{80CC472C-E968-46A3-B770-93615FF1A70B}"
EndProject
Project("{8BC9CEB8-8B4A-11D0-8D11-00A0C91BC942}") = "video", "%DS_PLATFORM_086%\projects\video\gstreamer-1.0\video.vcxproj", "{EDC54D75-EC44-4587-8A0F-141FA45CE652}"
EndProject
Project("{8BC9CEB8-8B4A-11D0-8D11-00A0C91BC942}") = "pdf", "%DS_PLATFORM_086%\projects\pdf\mupdf\pdf.vcxproj", "{BA6D6227-5B3F-4967-B005-1A9573FF6A69}"
EndProject
Global
	GlobalSection(SolutionConfigurationPlatforms) = preSolution
		Debug|Win32 = Debug|Win32
		Release|Win32 = Release|Win32
	EndGlobalSection
	GlobalSection(ProjectConfigurationPlatforms) = postSolution
		{F836C3BE-11C1-4505-BB16-0CC8A91C14AE}.Debug|Win32.ActiveCfg = Debug|Win32
		{F836C3BE-11C1-4505-BB16-0CC8A91C14AE}.Debug|Win32.Build.0 = Debug|Win32
		{F836C3BE-11C1-4505-BB16-0CC8A91C14AE}.Release|Win32.ActiveCfg = Release|Win32
		{F836C3BE-11C1-4505-BB16-0CC8A91C14AE}.Release|Win32.Build.0 = Release|Win32
		{D66469E5-B8D3-4356-A386-C7C54306B6DC}.Debug|Win32.ActiveCfg = Debug|Win32
		{D66469E5-B8D3-4356-A386-C7C54306B6DC}.Debug|Win32.Build.0 = Debug|Win32
		{D66469E5-B8D3-4356-A386-C7C54306B6DC}.Release|Win32.ActiveCfg = Release|Win32
		{D66469E5-B8D3-4356-A386-C7C54306B6DC}.Release|Win32.Build.0 = Release|Win32
		{B6E770B8-6ECC-478B-AB10-F6B01F65B433}.Debug|Win32.ActiveCfg = Debug|Win32
		{B6E770B8-6ECC-478B-AB10-F6B01F65B433}.Debug|Win32.Build.0 = Debug|Win32
		{B6E770B8-6ECC-478B-AB10-F6B01F65B433}.Release|Win32.ActiveCfg = Release|Win32
		{B6E770B8-6ECC-478B-AB10-F6B01F65B433}.Release|Win32.Build.0 = Release|Win32
		{FDE518C6-AFB7-4400-B252-82C978DE7D82}.Debug|Win32.ActiveCfg = Debug|Win32
		{FDE518C6-AFB7-4400-B252-82C978DE7D82}.Debug|Win32.Build.0 = Debug|Win32
		{FDE518C6-AFB7-4400-B252-82C978DE7D82}.Release|Win32.ActiveCfg = Release|Win32
		{FDE518C6-AFB7-4400-B252-82C978DE7D82}.Release|Win32.Build.0 = Release|Win32
		{80CC472C-E968-46A3-B770-93615FF1A70B}.Debug|Win32.ActiveCfg = Debug|Win32
		{80CC472C-E968-46A3-B770-93615FF1A70B}.Debug|Win32.Build.0 = Debug|Win32
		{80CC472C-E968-46A3-B770-93615FF1A70B}.Release|Win32.ActiveCfg = Release|Win32
		{80CC472C-E968-46A3-B770-93615FF1A70B}.Release|Win32.Build.0 = Release|Win32
		{EDC54D75-EC44-4587-8A0F-141FA45CE652}.Debug|Win32.ActiveCfg = Debug|Win32
		{EDC54D75-EC44-4587-8A0F-141FA45CE652}.Debug|Win32.Build.0 = Debug|Win32
		{EDC54D75-EC44-4587-8A0F-141FA45CE652}.Release|Win32.ActiveCfg = Release|Win32
		{EDC54D75-EC44-4587-8A0F-141FA45CE652}.Release|Win32.Build.0 = Release|Win32
		{BA6D6227-5B3F-4967-B005-1A9573FF6A69}.Debug|Win32.ActiveCfg = Debug|Win32
		{BA6D6227-5B3F-4967-B005-1A9573FF6A69}.Debug|Win32.Build.0 = Debug|Win32
		{BA6D6227-5B3F-4967-B005-1A9573FF6A69}.Release|Win32.ActiveCfg = Release|Win32
		{BA6D6227-5B3F-4967-B005-1A9573FF6A69}.Release|Win32.Build.0 = Release|Win32
	EndGlobalSection
	GlobalSection(SolutionProperties) = preSolution
		HideSolutionNode = FALSE
	EndGlobalSection
EndGlobal
