<?xml version="1.0" encoding="utf-8"?>
<Project ToolsVersion="4.0" xmlns="http://schemas.microsoft.com/developer/msbuild/2003">
  <ItemGroup>
    <ClCompile Include="..\src\app\clock_and_weather_app.cpp">
      <Filter>src\app</Filter>
    </ClCompile>
    <ClCompile Include="..\src\ui\story\story_view.cpp">
      <Filter>src\ui\story</Filter>
    </ClCompile>
    <ClCompile Include="..\src\stdafx.cpp">
      <Filter>src</Filter>
    </ClCompile>
    <ClCompile Include="..\src\ui\weather\weather_view.cpp">
      <Filter>src\ui\weather</Filter>
    </ClCompile>
    <ClCompile Include="..\src\ui\clock\clock_view.cpp">
      <Filter>src\ui\clock</Filter>
    </ClCompile>
    <ClCompile Include="..\src\ui\background\background_view.cpp">
      <Filter>src\ui\background</Filter>
    </ClCompile>
  </ItemGroup>
  <ItemGroup>
    <ClInclude Include="..\src\events\app_events.h">
      <Filter>src\events</Filter>
    </ClInclude>
    <ClInclude Include="..\src\app\clock_and_weather_app.h">
      <Filter>src\app</Filter>
    </ClInclude>
    <ClInclude Include="..\src\ui\story\story_view.h">
      <Filter>src\ui\story</Filter>
    </ClInclude>
    <ClInclude Include="..\src\stdafx.h">
      <Filter>src</Filter>
    </ClInclude>
    <ClInclude Include="..\src\ui\weather\weather_view.h">
      <Filter>src\ui\weather</Filter>
    </ClInclude>
    <ClInclude Include="..\src\ui\clock\clock_view.h">
      <Filter>src\ui\clock</Filter>
    </ClInclude>
    <ClInclude Include="..\src\ui\background\background_view.h">
      <Filter>src\ui\background</Filter>
    </ClInclude>
  </ItemGroup>
  <ItemGroup>
    <Filter Include="src">
      <UniqueIdentifier>{bd651da1-0866-4e2a-aa82-d56951beeff3}</UniqueIdentifier>
    </Filter>
    <Filter Include="src\ui">
      <UniqueIdentifier>{9b9f5de1-cbd5-4cb7-a580-46be59c2cf82}</UniqueIdentifier>
    </Filter>
    <Filter Include="src\app">
      <UniqueIdentifier>{dd1b41ab-1751-4126-9ac0-507d8fee6176}</UniqueIdentifier>
    </Filter>
    <Filter Include="src\events">
      <UniqueIdentifier>{6447eec3-c372-4d24-b1e9-c64d49a9aa30}</UniqueIdentifier>
    </Filter>
    <Filter Include="Resources">
      <UniqueIdentifier>{3eca459a-2fc2-4471-8dd4-6c188d47d4f9}</UniqueIdentifier>
    </Filter>
    <Filter Include="src\ui\story">
      <UniqueIdentifier>{6ee7ca9f-f1f5-4bd4-a2c4-ec43623a5071}</UniqueIdentifier>
    </Filter>
    <Filter Include="src\ui\weather">
      <UniqueIdentifier>{ec5f64c1-d29a-4353-a305-06398ead6a49}</UniqueIdentifier>
    </Filter>
    <Filter Include="src\ui\clock">
      <UniqueIdentifier>{ab3ddd82-7f29-45f8-9eba-9eb78c6af7df}</UniqueIdentifier>
    </Filter>
    <Filter Include="src\ui\background">
      <UniqueIdentifier>{c09c6360-39b7-4291-93ff-e00bd9c882e4}</UniqueIdentifier>
    </Filter>
  </ItemGroup>
  <ItemGroup>
    <ResourceCompile Include="Resources.rc">
      <Filter>Resources</Filter>
    </ResourceCompile>
  </ItemGroup>
</Project>